// !$*UTF8*$!
{
	archiveVersion = 1;
	classes = {
	};
	objectVersion = 56;
	objects = {

/* Begin PBXBuildFile section */
		7B45070B2B4BCB64001A5CDD /* StorageManager.swift in Sources */ = {isa = PBXBuildFile; fileRef = 7B45070A2B4BCB64001A5CDD /* StorageManager.swift */; };
		7B45070D2B4BCFF6001A5CDD /* StorageView.swift in Sources */ = {isa = PBXBuildFile; fileRef = 7B45070C2B4BCFF6001A5CDD /* StorageView.swift */; };
		7B45070F2B4BD56E001A5CDD /* ImagerPicker.swift in Sources */ = {isa = PBXBuildFile; fileRef = 7B45070E2B4BD56E001A5CDD /* ImagerPicker.swift */; };
		7B4507112B4CDB09001A5CDD /* AuthView.swift in Sources */ = {isa = PBXBuildFile; fileRef = 7B4507102B4CDB09001A5CDD /* AuthView.swift */; };
		7B4507132B4CE55D001A5CDD /* AuthManager.swift in Sources */ = {isa = PBXBuildFile; fileRef = 7B4507122B4CE55D001A5CDD /* AuthManager.swift */; };
		7B4507152B4CEBAC001A5CDD /* AuthSignUpView.swift in Sources */ = {isa = PBXBuildFile; fileRef = 7B4507142B4CEBAC001A5CDD /* AuthSignUpView.swift */; };
		7B4507172B4D12C4001A5CDD /* AuthSignInView.swift in Sources */ = {isa = PBXBuildFile; fileRef = 7B4507162B4D12C4001A5CDD /* AuthSignInView.swift */; };
		7BA1B3D02B4643A600B20561 /* FirebaseDemoApp.swift in Sources */ = {isa = PBXBuildFile; fileRef = 7BA1B3CF2B4643A600B20561 /* FirebaseDemoApp.swift */; };
		7BA1B3D22B4643A600B20561 /* ContentView.swift in Sources */ = {isa = PBXBuildFile; fileRef = 7BA1B3D12B4643A600B20561 /* ContentView.swift */; };
		7BA1B3D42B4643A700B20561 /* Assets.xcassets in Resources */ = {isa = PBXBuildFile; fileRef = 7BA1B3D32B4643A700B20561 /* Assets.xcassets */; };
		7BA1B3D72B4643A700B20561 /* Preview Assets.xcassets in Resources */ = {isa = PBXBuildFile; fileRef = 7BA1B3D62B4643A700B20561 /* Preview Assets.xcassets */; };
		7BA1B3E02B4645EA00B20561 /* GoogleService-Info.plist in Resources */ = {isa = PBXBuildFile; fileRef = 7BA1B3DF2B4645EA00B20561 /* GoogleService-Info.plist */; };
		7BA1B3E32B46496000B20561 /* FirebaseAnalytics in Frameworks */ = {isa = PBXBuildFile; productRef = 7BA1B3E22B46496000B20561 /* FirebaseAnalytics */; };
		7BA1B3E52B46496000B20561 /* FirebaseAnalyticsOnDeviceConversion in Frameworks */ = {isa = PBXBuildFile; productRef = 7BA1B3E42B46496000B20561 /* FirebaseAnalyticsOnDeviceConversion */; };
		7BA1B3E72B46496000B20561 /* FirebaseAnalyticsSwift in Frameworks */ = {isa = PBXBuildFile; productRef = 7BA1B3E62B46496000B20561 /* FirebaseAnalyticsSwift */; };
		7BA1B3E92B46496000B20561 /* FirebaseAnalyticsWithoutAdIdSupport in Frameworks */ = {isa = PBXBuildFile; productRef = 7BA1B3E82B46496000B20561 /* FirebaseAnalyticsWithoutAdIdSupport */; };
		7BA1B3EB2B46496000B20561 /* FirebaseAppCheck in Frameworks */ = {isa = PBXBuildFile; productRef = 7BA1B3EA2B46496000B20561 /* FirebaseAppCheck */; };
		7BA1B3ED2B46496000B20561 /* FirebaseAppDistribution-Beta in Frameworks */ = {isa = PBXBuildFile; productRef = 7BA1B3EC2B46496000B20561 /* FirebaseAppDistribution-Beta */; };
		7BA1B3EF2B46496000B20561 /* FirebaseAuth in Frameworks */ = {isa = PBXBuildFile; productRef = 7BA1B3EE2B46496000B20561 /* FirebaseAuth */; };
		7BA1B3F12B46496000B20561 /* FirebaseAuthCombine-Community in Frameworks */ = {isa = PBXBuildFile; productRef = 7BA1B3F02B46496000B20561 /* FirebaseAuthCombine-Community */; };
		7BA1B3F32B46496000B20561 /* FirebaseCrashlytics in Frameworks */ = {isa = PBXBuildFile; productRef = 7BA1B3F22B46496000B20561 /* FirebaseCrashlytics */; };
		7BA1B3F52B46496000B20561 /* FirebaseDatabase in Frameworks */ = {isa = PBXBuildFile; productRef = 7BA1B3F42B46496000B20561 /* FirebaseDatabase */; };
		7BA1B3F72B46496000B20561 /* FirebaseDatabaseSwift in Frameworks */ = {isa = PBXBuildFile; productRef = 7BA1B3F62B46496000B20561 /* FirebaseDatabaseSwift */; };
		7BA1B3F92B46496000B20561 /* FirebaseDynamicLinks in Frameworks */ = {isa = PBXBuildFile; productRef = 7BA1B3F82B46496000B20561 /* FirebaseDynamicLinks */; };
		7BA1B3FB2B46496000B20561 /* FirebaseFirestore in Frameworks */ = {isa = PBXBuildFile; productRef = 7BA1B3FA2B46496000B20561 /* FirebaseFirestore */; };
		7BA1B3FD2B46496000B20561 /* FirebaseFirestoreCombine-Community in Frameworks */ = {isa = PBXBuildFile; productRef = 7BA1B3FC2B46496000B20561 /* FirebaseFirestoreCombine-Community */; };
		7BA1B3FF2B46496000B20561 /* FirebaseFirestoreSwift in Frameworks */ = {isa = PBXBuildFile; productRef = 7BA1B3FE2B46496000B20561 /* FirebaseFirestoreSwift */; };
		7BA1B4012B46496000B20561 /* FirebaseFunctions in Frameworks */ = {isa = PBXBuildFile; productRef = 7BA1B4002B46496000B20561 /* FirebaseFunctions */; };
		7BA1B4032B46496000B20561 /* FirebaseFunctionsCombine-Community in Frameworks */ = {isa = PBXBuildFile; productRef = 7BA1B4022B46496000B20561 /* FirebaseFunctionsCombine-Community */; };
		7BA1B4052B46496000B20561 /* FirebaseInAppMessaging-Beta in Frameworks */ = {isa = PBXBuildFile; productRef = 7BA1B4042B46496000B20561 /* FirebaseInAppMessaging-Beta */; };
		7BA1B4072B46496000B20561 /* FirebaseInAppMessagingSwift-Beta in Frameworks */ = {isa = PBXBuildFile; productRef = 7BA1B4062B46496000B20561 /* FirebaseInAppMessagingSwift-Beta */; };
		7BA1B4092B46496000B20561 /* FirebaseInstallations in Frameworks */ = {isa = PBXBuildFile; productRef = 7BA1B4082B46496000B20561 /* FirebaseInstallations */; };
		7BA1B40B2B46496000B20561 /* FirebaseMLModelDownloader in Frameworks */ = {isa = PBXBuildFile; productRef = 7BA1B40A2B46496000B20561 /* FirebaseMLModelDownloader */; };
		7BA1B40D2B46496000B20561 /* FirebaseMessaging in Frameworks */ = {isa = PBXBuildFile; productRef = 7BA1B40C2B46496000B20561 /* FirebaseMessaging */; };
		7BA1B40F2B46496000B20561 /* FirebasePerformance in Frameworks */ = {isa = PBXBuildFile; productRef = 7BA1B40E2B46496000B20561 /* FirebasePerformance */; };
		7BA1B4112B46496000B20561 /* FirebaseRemoteConfig in Frameworks */ = {isa = PBXBuildFile; productRef = 7BA1B4102B46496000B20561 /* FirebaseRemoteConfig */; };
		7BA1B4132B46496000B20561 /* FirebaseRemoteConfigSwift in Frameworks */ = {isa = PBXBuildFile; productRef = 7BA1B4122B46496000B20561 /* FirebaseRemoteConfigSwift */; };
		7BA1B4152B46496000B20561 /* FirebaseStorage in Frameworks */ = {isa = PBXBuildFile; productRef = 7BA1B4142B46496000B20561 /* FirebaseStorage */; };
		7BA1B4172B46496000B20561 /* FirebaseStorageCombine-Community in Frameworks */ = {isa = PBXBuildFile; productRef = 7BA1B4162B46496000B20561 /* FirebaseStorageCombine-Community */; };
		7BA1B4192B46528A00B20561 /* Product.swift in Sources */ = {isa = PBXBuildFile; fileRef = 7BA1B4182B46528A00B20561 /* Product.swift */; };
		7BA1B41B2B468BA200B20561 /* EditView.swift in Sources */ = {isa = PBXBuildFile; fileRef = 7BA1B41A2B468BA200B20561 /* EditView.swift */; };
		7BA1B41D2B47D5A000B20561 /* Restaurant.swift in Sources */ = {isa = PBXBuildFile; fileRef = 7BA1B41C2B47D5A000B20561 /* Restaurant.swift */; };
		7BA1B41F2B47DE4000B20561 /* FireStoreView.swift in Sources */ = {isa = PBXBuildFile; fileRef = 7BA1B41E2B47DE4000B20561 /* FireStoreView.swift */; };
/* End PBXBuildFile section */

/* Begin PBXFileReference section */
		7B45070A2B4BCB64001A5CDD /* StorageManager.swift */ = {isa = PBXFileReference; lastKnownFileType = sourcecode.swift; path = StorageManager.swift; sourceTree = "<group>"; };
		7B45070C2B4BCFF6001A5CDD /* StorageView.swift */ = {isa = PBXFileReference; lastKnownFileType = sourcecode.swift; path = StorageView.swift; sourceTree = "<group>"; };
		7B45070E2B4BD56E001A5CDD /* ImagerPicker.swift */ = {isa = PBXFileReference; lastKnownFileType = sourcecode.swift; path = ImagerPicker.swift; sourceTree = "<group>"; };
		7B4507102B4CDB09001A5CDD /* AuthView.swift */ = {isa = PBXFileReference; lastKnownFileType = sourcecode.swift; path = AuthView.swift; sourceTree = "<group>"; };
		7B4507122B4CE55D001A5CDD /* AuthManager.swift */ = {isa = PBXFileReference; lastKnownFileType = sourcecode.swift; path = AuthManager.swift; sourceTree = "<group>"; };
		7B4507142B4CEBAC001A5CDD /* AuthSignUpView.swift */ = {isa = PBXFileReference; lastKnownFileType = sourcecode.swift; path = AuthSignUpView.swift; sourceTree = "<group>"; };
		7B4507162B4D12C4001A5CDD /* AuthSignInView.swift */ = {isa = PBXFileReference; lastKnownFileType = sourcecode.swift; path = AuthSignInView.swift; sourceTree = "<group>"; };
		7BA1B3CC2B4643A600B20561 /* FirebaseDemo.app */ = {isa = PBXFileReference; explicitFileType = wrapper.application; includeInIndex = 0; path = FirebaseDemo.app; sourceTree = BUILT_PRODUCTS_DIR; };
		7BA1B3CF2B4643A600B20561 /* FirebaseDemoApp.swift */ = {isa = PBXFileReference; lastKnownFileType = sourcecode.swift; path = FirebaseDemoApp.swift; sourceTree = "<group>"; };
		7BA1B3D12B4643A600B20561 /* ContentView.swift */ = {isa = PBXFileReference; lastKnownFileType = sourcecode.swift; path = ContentView.swift; sourceTree = "<group>"; };
		7BA1B3D32B4643A700B20561 /* Assets.xcassets */ = {isa = PBXFileReference; lastKnownFileType = folder.assetcatalog; path = Assets.xcassets; sourceTree = "<group>"; };
		7BA1B3D62B4643A700B20561 /* Preview Assets.xcassets */ = {isa = PBXFileReference; lastKnownFileType = folder.assetcatalog; path = "Preview Assets.xcassets"; sourceTree = "<group>"; };
		7BA1B3DF2B4645EA00B20561 /* GoogleService-Info.plist */ = {isa = PBXFileReference; fileEncoding = 4; lastKnownFileType = text.plist.xml; name = "GoogleService-Info.plist"; path = "../../../../../../Downloads/GoogleService-Info.plist"; sourceTree = "<group>"; };
		7BA1B4182B46528A00B20561 /* Product.swift */ = {isa = PBXFileReference; lastKnownFileType = sourcecode.swift; path = Product.swift; sourceTree = "<group>"; };
		7BA1B41A2B468BA200B20561 /* EditView.swift */ = {isa = PBXFileReference; lastKnownFileType = sourcecode.swift; path = EditView.swift; sourceTree = "<group>"; };
		7BA1B41C2B47D5A000B20561 /* Restaurant.swift */ = {isa = PBXFileReference; lastKnownFileType = sourcecode.swift; path = Restaurant.swift; sourceTree = "<group>"; };
		7BA1B41E2B47DE4000B20561 /* FireStoreView.swift */ = {isa = PBXFileReference; lastKnownFileType = sourcecode.swift; path = FireStoreView.swift; sourceTree = "<group>"; };
/* End PBXFileReference section */

/* Begin PBXFrameworksBuildPhase section */
		7BA1B3C92B4643A600B20561 /* Frameworks */ = {
			isa = PBXFrameworksBuildPhase;
			buildActionMask = 2147483647;
			files = (
				7BA1B3F52B46496000B20561 /* FirebaseDatabase in Frameworks */,
				7BA1B4032B46496000B20561 /* FirebaseFunctionsCombine-Community in Frameworks */,
				7BA1B3FB2B46496000B20561 /* FirebaseFirestore in Frameworks */,
				7BA1B3E72B46496000B20561 /* FirebaseAnalyticsSwift in Frameworks */,
				7BA1B3E32B46496000B20561 /* FirebaseAnalytics in Frameworks */,
				7BA1B3E52B46496000B20561 /* FirebaseAnalyticsOnDeviceConversion in Frameworks */,
				7BA1B40B2B46496000B20561 /* FirebaseMLModelDownloader in Frameworks */,
				7BA1B3FF2B46496000B20561 /* FirebaseFirestoreSwift in Frameworks */,
				7BA1B3EB2B46496000B20561 /* FirebaseAppCheck in Frameworks */,
				7BA1B3E92B46496000B20561 /* FirebaseAnalyticsWithoutAdIdSupport in Frameworks */,
				7BA1B3EF2B46496000B20561 /* FirebaseAuth in Frameworks */,
				7BA1B3F32B46496000B20561 /* FirebaseCrashlytics in Frameworks */,
				7BA1B4132B46496000B20561 /* FirebaseRemoteConfigSwift in Frameworks */,
				7BA1B4052B46496000B20561 /* FirebaseInAppMessaging-Beta in Frameworks */,
				7BA1B3F72B46496000B20561 /* FirebaseDatabaseSwift in Frameworks */,
				7BA1B4012B46496000B20561 /* FirebaseFunctions in Frameworks */,
				7BA1B4172B46496000B20561 /* FirebaseStorageCombine-Community in Frameworks */,
				7BA1B4112B46496000B20561 /* FirebaseRemoteConfig in Frameworks */,
				7BA1B3ED2B46496000B20561 /* FirebaseAppDistribution-Beta in Frameworks */,
				7BA1B3F12B46496000B20561 /* FirebaseAuthCombine-Community in Frameworks */,
				7BA1B40F2B46496000B20561 /* FirebasePerformance in Frameworks */,
				7BA1B4072B46496000B20561 /* FirebaseInAppMessagingSwift-Beta in Frameworks */,
				7BA1B4152B46496000B20561 /* FirebaseStorage in Frameworks */,
				7BA1B3F92B46496000B20561 /* FirebaseDynamicLinks in Frameworks */,
				7BA1B3FD2B46496000B20561 /* FirebaseFirestoreCombine-Community in Frameworks */,
				7BA1B40D2B46496000B20561 /* FirebaseMessaging in Frameworks */,
				7BA1B4092B46496000B20561 /* FirebaseInstallations in Frameworks */,
			);
			runOnlyForDeploymentPostprocessing = 0;
		};
/* End PBXFrameworksBuildPhase section */

/* Begin PBXGroup section */
		7BA1B3C32B4643A500B20561 = {
			isa = PBXGroup;
			children = (
				7BA1B3CE2B4643A600B20561 /* FirebaseDemo */,
				7BA1B3CD2B4643A600B20561 /* Products */,
			);
			sourceTree = "<group>";
		};
		7BA1B3CD2B4643A600B20561 /* Products */ = {
			isa = PBXGroup;
			children = (
				7BA1B3CC2B4643A600B20561 /* FirebaseDemo.app */,
			);
			name = Products;
			sourceTree = "<group>";
		};
		7BA1B3CE2B4643A600B20561 /* FirebaseDemo */ = {
			isa = PBXGroup;
			children = (
				7BA1B3CF2B4643A600B20561 /* FirebaseDemoApp.swift */,
				7BA1B4182B46528A00B20561 /* Product.swift */,
				7BA1B41C2B47D5A000B20561 /* Restaurant.swift */,
				7BA1B3D12B4643A600B20561 /* ContentView.swift */,
				7BA1B41A2B468BA200B20561 /* EditView.swift */,
				7BA1B41E2B47DE4000B20561 /* FireStoreView.swift */,
				7B45070A2B4BCB64001A5CDD /* StorageManager.swift */,
				7B45070C2B4BCFF6001A5CDD /* StorageView.swift */,
				7B45070E2B4BD56E001A5CDD /* ImagerPicker.swift */,
				7B4507102B4CDB09001A5CDD /* AuthView.swift */,
				7B4507142B4CEBAC001A5CDD /* AuthSignUpView.swift */,
				7B4507162B4D12C4001A5CDD /* AuthSignInView.swift */,
				7B4507122B4CE55D001A5CDD /* AuthManager.swift */,
				7BA1B3D32B4643A700B20561 /* Assets.xcassets */,
				7BA1B3DF2B4645EA00B20561 /* GoogleService-Info.plist */,
				7BA1B3D52B4643A700B20561 /* Preview Content */,
			);
			path = FirebaseDemo;
			sourceTree = "<group>";
		};
		7BA1B3D52B4643A700B20561 /* Preview Content */ = {
			isa = PBXGroup;
			children = (
				7BA1B3D62B4643A700B20561 /* Preview Assets.xcassets */,
			);
			path = "Preview Content";
			sourceTree = "<group>";
		};
/* End PBXGroup section */

/* Begin PBXNativeTarget section */
		7BA1B3CB2B4643A600B20561 /* FirebaseDemo */ = {
			isa = PBXNativeTarget;
			buildConfigurationList = 7BA1B3DA2B4643A700B20561 /* Build configuration list for PBXNativeTarget "FirebaseDemo" */;
			buildPhases = (
				7BA1B3C82B4643A600B20561 /* Sources */,
				7BA1B3C92B4643A600B20561 /* Frameworks */,
				7BA1B3CA2B4643A600B20561 /* Resources */,
			);
			buildRules = (
			);
			dependencies = (
			);
			name = FirebaseDemo;
			packageProductDependencies = (
				7BA1B3E22B46496000B20561 /* FirebaseAnalytics */,
				7BA1B3E42B46496000B20561 /* FirebaseAnalyticsOnDeviceConversion */,
				7BA1B3E62B46496000B20561 /* FirebaseAnalyticsSwift */,
				7BA1B3E82B46496000B20561 /* FirebaseAnalyticsWithoutAdIdSupport */,
				7BA1B3EA2B46496000B20561 /* FirebaseAppCheck */,
				7BA1B3EC2B46496000B20561 /* FirebaseAppDistribution-Beta */,
				7BA1B3EE2B46496000B20561 /* FirebaseAuth */,
				7BA1B3F02B46496000B20561 /* FirebaseAuthCombine-Community */,
				7BA1B3F22B46496000B20561 /* FirebaseCrashlytics */,
				7BA1B3F42B46496000B20561 /* FirebaseDatabase */,
				7BA1B3F62B46496000B20561 /* FirebaseDatabaseSwift */,
				7BA1B3F82B46496000B20561 /* FirebaseDynamicLinks */,
				7BA1B3FA2B46496000B20561 /* FirebaseFirestore */,
				7BA1B3FC2B46496000B20561 /* FirebaseFirestoreCombine-Community */,
				7BA1B3FE2B46496000B20561 /* FirebaseFirestoreSwift */,
				7BA1B4002B46496000B20561 /* FirebaseFunctions */,
				7BA1B4022B46496000B20561 /* FirebaseFunctionsCombine-Community */,
				7BA1B4042B46496000B20561 /* FirebaseInAppMessaging-Beta */,
				7BA1B4062B46496000B20561 /* FirebaseInAppMessagingSwift-Beta */,
				7BA1B4082B46496000B20561 /* FirebaseInstallations */,
				7BA1B40A2B46496000B20561 /* FirebaseMLModelDownloader */,
				7BA1B40C2B46496000B20561 /* FirebaseMessaging */,
				7BA1B40E2B46496000B20561 /* FirebasePerformance */,
				7BA1B4102B46496000B20561 /* FirebaseRemoteConfig */,
				7BA1B4122B46496000B20561 /* FirebaseRemoteConfigSwift */,
				7BA1B4142B46496000B20561 /* FirebaseStorage */,
				7BA1B4162B46496000B20561 /* FirebaseStorageCombine-Community */,
			);
			productName = FirebaseDemo;
			productReference = 7BA1B3CC2B4643A600B20561 /* FirebaseDemo.app */;
			productType = "com.apple.product-type.application";
		};
/* End PBXNativeTarget section */

/* Begin PBXProject section */
		7BA1B3C42B4643A500B20561 /* Project object */ = {
			isa = PBXProject;
			attributes = {
				BuildIndependentTargetsInParallel = 1;
				LastSwiftUpdateCheck = 1510;
				LastUpgradeCheck = 1510;
				TargetAttributes = {
					7BA1B3CB2B4643A600B20561 = {
						CreatedOnToolsVersion = 15.1;
					};
				};
			};
			buildConfigurationList = 7BA1B3C72B4643A500B20561 /* Build configuration list for PBXProject "FirebaseDemo" */;
			compatibilityVersion = "Xcode 14.0";
			developmentRegion = en;
			hasScannedForEncodings = 0;
			knownRegions = (
				en,
				Base,
			);
			mainGroup = 7BA1B3C32B4643A500B20561;
			packageReferences = (
				7BA1B3E12B46496000B20561 /* XCRemoteSwiftPackageReference "firebase-ios-sdk" */,
			);
			productRefGroup = 7BA1B3CD2B4643A600B20561 /* Products */;
			projectDirPath = "";
			projectRoot = "";
			targets = (
				7BA1B3CB2B4643A600B20561 /* FirebaseDemo */,
			);
		};
/* End PBXProject section */

/* Begin PBXResourcesBuildPhase section */
		7BA1B3CA2B4643A600B20561 /* Resources */ = {
			isa = PBXResourcesBuildPhase;
			buildActionMask = 2147483647;
			files = (
				7BA1B3D72B4643A700B20561 /* Preview Assets.xcassets in Resources */,
				7BA1B3D42B4643A700B20561 /* Assets.xcassets in Resources */,
				7BA1B3E02B4645EA00B20561 /* GoogleService-Info.plist in Resources */,
			);
			runOnlyForDeploymentPostprocessing = 0;
		};
/* End PBXResourcesBuildPhase section */

/* Begin PBXSourcesBuildPhase section */
		7BA1B3C82B4643A600B20561 /* Sources */ = {
			isa = PBXSourcesBuildPhase;
			buildActionMask = 2147483647;
			files = (
				7BA1B41F2B47DE4000B20561 /* FireStoreView.swift in Sources */,
				7BA1B41D2B47D5A000B20561 /* Restaurant.swift in Sources */,
				7B45070F2B4BD56E001A5CDD /* ImagerPicker.swift in Sources */,
				7BA1B3D22B4643A600B20561 /* ContentView.swift in Sources */,
				7B45070B2B4BCB64001A5CDD /* StorageManager.swift in Sources */,
				7B45070D2B4BCFF6001A5CDD /* StorageView.swift in Sources */,
				7B4507112B4CDB09001A5CDD /* AuthView.swift in Sources */,
				7BA1B3D02B4643A600B20561 /* FirebaseDemoApp.swift in Sources */,
				7B4507132B4CE55D001A5CDD /* AuthManager.swift in Sources */,
				7BA1B41B2B468BA200B20561 /* EditView.swift in Sources */,
				7B4507172B4D12C4001A5CDD /* AuthSignInView.swift in Sources */,
				7B4507152B4CEBAC001A5CDD /* AuthSignUpView.swift in Sources */,
				7BA1B4192B46528A00B20561 /* Product.swift in Sources */,
			);
			runOnlyForDeploymentPostprocessing = 0;
		};
/* End PBXSourcesBuildPhase section */

/* Begin XCBuildConfiguration section */
		7BA1B3D82B4643A700B20561 /* Debug */ = {
			isa = XCBuildConfiguration;
			buildSettings = {
				ALWAYS_SEARCH_USER_PATHS = NO;
				ASSETCATALOG_COMPILER_GENERATE_SWIFT_ASSET_SYMBOL_EXTENSIONS = YES;
				CLANG_ANALYZER_NONNULL = YES;
				CLANG_ANALYZER_NUMBER_OBJECT_CONVERSION = YES_AGGRESSIVE;
				CLANG_CXX_LANGUAGE_STANDARD = "gnu++20";
				CLANG_ENABLE_MODULES = YES;
				CLANG_ENABLE_OBJC_ARC = YES;
				CLANG_ENABLE_OBJC_WEAK = YES;
				CLANG_WARN_BLOCK_CAPTURE_AUTORELEASING = YES;
				CLANG_WARN_BOOL_CONVERSION = YES;
				CLANG_WARN_COMMA = YES;
				CLANG_WARN_CONSTANT_CONVERSION = YES;
				CLANG_WARN_DEPRECATED_OBJC_IMPLEMENTATIONS = YES;
				CLANG_WARN_DIRECT_OBJC_ISA_USAGE = YES_ERROR;
				CLANG_WARN_DOCUMENTATION_COMMENTS = YES;
				CLANG_WARN_EMPTY_BODY = YES;
				CLANG_WARN_ENUM_CONVERSION = YES;
				CLANG_WARN_INFINITE_RECURSION = YES;
				CLANG_WARN_INT_CONVERSION = YES;
				CLANG_WARN_NON_LITERAL_NULL_CONVERSION = YES;
				CLANG_WARN_OBJC_IMPLICIT_RETAIN_SELF = YES;
				CLANG_WARN_OBJC_LITERAL_CONVERSION = YES;
				CLANG_WARN_OBJC_ROOT_CLASS = YES_ERROR;
				CLANG_WARN_QUOTED_INCLUDE_IN_FRAMEWORK_HEADER = YES;
				CLANG_WARN_RANGE_LOOP_ANALYSIS = YES;
				CLANG_WARN_STRICT_PROTOTYPES = YES;
				CLANG_WARN_SUSPICIOUS_MOVE = YES;
				CLANG_WARN_UNGUARDED_AVAILABILITY = YES_AGGRESSIVE;
				CLANG_WARN_UNREACHABLE_CODE = YES;
				CLANG_WARN__DUPLICATE_METHOD_MATCH = YES;
				COPY_PHASE_STRIP = NO;
				DEBUG_INFORMATION_FORMAT = dwarf;
				ENABLE_STRICT_OBJC_MSGSEND = YES;
				ENABLE_TESTABILITY = YES;
				ENABLE_USER_SCRIPT_SANDBOXING = YES;
				GCC_C_LANGUAGE_STANDARD = gnu17;
				GCC_DYNAMIC_NO_PIC = NO;
				GCC_NO_COMMON_BLOCKS = YES;
				GCC_OPTIMIZATION_LEVEL = 0;
				GCC_PREPROCESSOR_DEFINITIONS = (
					"DEBUG=1",
					"$(inherited)",
				);
				GCC_WARN_64_TO_32_BIT_CONVERSION = YES;
				GCC_WARN_ABOUT_RETURN_TYPE = YES_ERROR;
				GCC_WARN_UNDECLARED_SELECTOR = YES;
				GCC_WARN_UNINITIALIZED_AUTOS = YES_AGGRESSIVE;
				GCC_WARN_UNUSED_FUNCTION = YES;
				GCC_WARN_UNUSED_VARIABLE = YES;
				IPHONEOS_DEPLOYMENT_TARGET = 17.2;
				LOCALIZATION_PREFERS_STRING_CATALOGS = YES;
				MTL_ENABLE_DEBUG_INFO = INCLUDE_SOURCE;
				MTL_FAST_MATH = YES;
				ONLY_ACTIVE_ARCH = YES;
				SDKROOT = iphoneos;
				SWIFT_ACTIVE_COMPILATION_CONDITIONS = "DEBUG $(inherited)";
				SWIFT_OPTIMIZATION_LEVEL = "-Onone";
			};
			name = Debug;
		};
		7BA1B3D92B4643A700B20561 /* Release */ = {
			isa = XCBuildConfiguration;
			buildSettings = {
				ALWAYS_SEARCH_USER_PATHS = NO;
				ASSETCATALOG_COMPILER_GENERATE_SWIFT_ASSET_SYMBOL_EXTENSIONS = YES;
				CLANG_ANALYZER_NONNULL = YES;
				CLANG_ANALYZER_NUMBER_OBJECT_CONVERSION = YES_AGGRESSIVE;
				CLANG_CXX_LANGUAGE_STANDARD = "gnu++20";
				CLANG_ENABLE_MODULES = YES;
				CLANG_ENABLE_OBJC_ARC = YES;
				CLANG_ENABLE_OBJC_WEAK = YES;
				CLANG_WARN_BLOCK_CAPTURE_AUTORELEASING = YES;
				CLANG_WARN_BOOL_CONVERSION = YES;
				CLANG_WARN_COMMA = YES;
				CLANG_WARN_CONSTANT_CONVERSION = YES;
				CLANG_WARN_DEPRECATED_OBJC_IMPLEMENTATIONS = YES;
				CLANG_WARN_DIRECT_OBJC_ISA_USAGE = YES_ERROR;
				CLANG_WARN_DOCUMENTATION_COMMENTS = YES;
				CLANG_WARN_EMPTY_BODY = YES;
				CLANG_WARN_ENUM_CONVERSION = YES;
				CLANG_WARN_INFINITE_RECURSION = YES;
				CLANG_WARN_INT_CONVERSION = YES;
				CLANG_WARN_NON_LITERAL_NULL_CONVERSION = YES;
				CLANG_WARN_OBJC_IMPLICIT_RETAIN_SELF = YES;
				CLANG_WARN_OBJC_LITERAL_CONVERSION = YES;
				CLANG_WARN_OBJC_ROOT_CLASS = YES_ERROR;
				CLANG_WARN_QUOTED_INCLUDE_IN_FRAMEWORK_HEADER = YES;
				CLANG_WARN_RANGE_LOOP_ANALYSIS = YES;
				CLANG_WARN_STRICT_PROTOTYPES = YES;
				CLANG_WARN_SUSPICIOUS_MOVE = YES;
				CLANG_WARN_UNGUARDED_AVAILABILITY = YES_AGGRESSIVE;
				CLANG_WARN_UNREACHABLE_CODE = YES;
				CLANG_WARN__DUPLICATE_METHOD_MATCH = YES;
				COPY_PHASE_STRIP = NO;
				DEBUG_INFORMATION_FORMAT = "dwarf-with-dsym";
				ENABLE_NS_ASSERTIONS = NO;
				ENABLE_STRICT_OBJC_MSGSEND = YES;
				ENABLE_USER_SCRIPT_SANDBOXING = YES;
				GCC_C_LANGUAGE_STANDARD = gnu17;
				GCC_NO_COMMON_BLOCKS = YES;
				GCC_WARN_64_TO_32_BIT_CONVERSION = YES;
				GCC_WARN_ABOUT_RETURN_TYPE = YES_ERROR;
				GCC_WARN_UNDECLARED_SELECTOR = YES;
				GCC_WARN_UNINITIALIZED_AUTOS = YES_AGGRESSIVE;
				GCC_WARN_UNUSED_FUNCTION = YES;
				GCC_WARN_UNUSED_VARIABLE = YES;
				IPHONEOS_DEPLOYMENT_TARGET = 17.2;
				LOCALIZATION_PREFERS_STRING_CATALOGS = YES;
				MTL_ENABLE_DEBUG_INFO = NO;
				MTL_FAST_MATH = YES;
				SDKROOT = iphoneos;
				SWIFT_COMPILATION_MODE = wholemodule;
				VALIDATE_PRODUCT = YES;
			};
			name = Release;
		};
		7BA1B3DB2B4643A700B20561 /* Debug */ = {
			isa = XCBuildConfiguration;
			buildSettings = {
				ASSETCATALOG_COMPILER_APPICON_NAME = AppIcon;
				ASSETCATALOG_COMPILER_GLOBAL_ACCENT_COLOR_NAME = AccentColor;
				CODE_SIGN_STYLE = Automatic;
				CURRENT_PROJECT_VERSION = 1;
				DEVELOPMENT_ASSET_PATHS = "\"FirebaseDemo/Preview Content\"";
				DEVELOPMENT_TEAM = T62JF6T7Q4;
				ENABLE_PREVIEWS = YES;
				GENERATE_INFOPLIST_FILE = YES;
				INFOPLIST_KEY_UIApplicationSceneManifest_Generation = YES;
				INFOPLIST_KEY_UIApplicationSupportsIndirectInputEvents = YES;
				INFOPLIST_KEY_UILaunchScreen_Generation = YES;
				INFOPLIST_KEY_UISupportedInterfaceOrientations_iPad = "UIInterfaceOrientationPortrait UIInterfaceOrientationPortraitUpsideDown UIInterfaceOrientationLandscapeLeft UIInterfaceOrientationLandscapeRight";
				INFOPLIST_KEY_UISupportedInterfaceOrientations_iPhone = "UIInterfaceOrientationPortrait UIInterfaceOrientationLandscapeLeft UIInterfaceOrientationLandscapeRight";
				LD_RUNPATH_SEARCH_PATHS = (
					"$(inherited)",
					"@executable_path/Frameworks",
				);
				MARKETING_VERSION = 1.0;
				PRODUCT_BUNDLE_IDENTIFIER = kr.co.kmj.FirebaseDemo;
				PRODUCT_NAME = "$(TARGET_NAME)";
				SWIFT_EMIT_LOC_STRINGS = YES;
				SWIFT_VERSION = 5.0;
				TARGETED_DEVICE_FAMILY = "1,2";
			};
			name = Debug;
		};
		7BA1B3DC2B4643A700B20561 /* Release */ = {
			isa = XCBuildConfiguration;
			buildSettings = {
				ASSETCATALOG_COMPILER_APPICON_NAME = AppIcon;
				ASSETCATALOG_COMPILER_GLOBAL_ACCENT_COLOR_NAME = AccentColor;
				CODE_SIGN_STYLE = Automatic;
				CURRENT_PROJECT_VERSION = 1;
				DEVELOPMENT_ASSET_PATHS = "\"FirebaseDemo/Preview Content\"";
				DEVELOPMENT_TEAM = T62JF6T7Q4;
				ENABLE_PREVIEWS = YES;
				GENERATE_INFOPLIST_FILE = YES;
				INFOPLIST_KEY_UIApplicationSceneManifest_Generation = YES;
				INFOPLIST_KEY_UIApplicationSupportsIndirectInputEvents = YES;
				INFOPLIST_KEY_UILaunchScreen_Generation = YES;
				INFOPLIST_KEY_UISupportedInterfaceOrientations_iPad = "UIInterfaceOrientationPortrait UIInterfaceOrientationPortraitUpsideDown UIInterfaceOrientationLandscapeLeft UIInterfaceOrientationLandscapeRight";
				INFOPLIST_KEY_UISupportedInterfaceOrientations_iPhone = "UIInterfaceOrientationPortrait UIInterfaceOrientationLandscapeLeft UIInterfaceOrientationLandscapeRight";
				LD_RUNPATH_SEARCH_PATHS = (
					"$(inherited)",
					"@executable_path/Frameworks",
				);
				MARKETING_VERSION = 1.0;
				PRODUCT_BUNDLE_IDENTIFIER = kr.co.kmj.FirebaseDemo;
				PRODUCT_NAME = "$(TARGET_NAME)";
				SWIFT_EMIT_LOC_STRINGS = YES;
				SWIFT_VERSION = 5.0;
				TARGETED_DEVICE_FAMILY = "1,2";
			};
			name = Release;
		};
/* End XCBuildConfiguration section */

/* Begin XCConfigurationList section */
		7BA1B3C72B4643A500B20561 /* Build configuration list for PBXProject "FirebaseDemo" */ = {
			isa = XCConfigurationList;
			buildConfigurations = (
				7BA1B3D82B4643A700B20561 /* Debug */,
				7BA1B3D92B4643A700B20561 /* Release */,
			);
			defaultConfigurationIsVisible = 0;
			defaultConfigurationName = Release;
		};
		7BA1B3DA2B4643A700B20561 /* Build configuration list for PBXNativeTarget "FirebaseDemo" */ = {
			isa = XCConfigurationList;
			buildConfigurations = (
				7BA1B3DB2B4643A700B20561 /* Debug */,
				7BA1B3DC2B4643A700B20561 /* Release */,
			);
			defaultConfigurationIsVisible = 0;
			defaultConfigurationName = Release;
		};
/* End XCConfigurationList section */

/* Begin XCRemoteSwiftPackageReference section */
		7BA1B3E12B46496000B20561 /* XCRemoteSwiftPackageReference "firebase-ios-sdk" */ = {
			isa = XCRemoteSwiftPackageReference;
			repositoryURL = "https://github.com/firebase/firebase-ios-sdk";
			requirement = {
				kind = upToNextMajorVersion;
				minimumVersion = 10.19.1;
			};
		};
/* End XCRemoteSwiftPackageReference section */

/* Begin XCSwiftPackageProductDependency section */
		7BA1B3E22B46496000B20561 /* FirebaseAnalytics */ = {
			isa = XCSwiftPackageProductDependency;
			package = 7BA1B3E12B46496000B20561 /* XCRemoteSwiftPackageReference "firebase-ios-sdk" */;
			productName = FirebaseAnalytics;
		};
		7BA1B3E42B46496000B20561 /* FirebaseAnalyticsOnDeviceConversion */ = {
			isa = XCSwiftPackageProductDependency;
			package = 7BA1B3E12B46496000B20561 /* XCRemoteSwiftPackageReference "firebase-ios-sdk" */;
			productName = FirebaseAnalyticsOnDeviceConversion;
		};
		7BA1B3E62B46496000B20561 /* FirebaseAnalyticsSwift */ = {
			isa = XCSwiftPackageProductDependency;
			package = 7BA1B3E12B46496000B20561 /* XCRemoteSwiftPackageReference "firebase-ios-sdk" */;
			productName = FirebaseAnalyticsSwift;
		};
		7BA1B3E82B46496000B20561 /* FirebaseAnalyticsWithoutAdIdSupport */ = {
			isa = XCSwiftPackageProductDependency;
			package = 7BA1B3E12B46496000B20561 /* XCRemoteSwiftPackageReference "firebase-ios-sdk" */;
			productName = FirebaseAnalyticsWithoutAdIdSupport;
		};
		7BA1B3EA2B46496000B20561 /* FirebaseAppCheck */ = {
			isa = XCSwiftPackageProductDependency;
			package = 7BA1B3E12B46496000B20561 /* XCRemoteSwiftPackageReference "firebase-ios-sdk" */;
			productName = FirebaseAppCheck;
		};
		7BA1B3EC2B46496000B20561 /* FirebaseAppDistribution-Beta */ = {
			isa = XCSwiftPackageProductDependency;
			package = 7BA1B3E12B46496000B20561 /* XCRemoteSwiftPackageReference "firebase-ios-sdk" */;
			productName = "FirebaseAppDistribution-Beta";
		};
		7BA1B3EE2B46496000B20561 /* FirebaseAuth */ = {
			isa = XCSwiftPackageProductDependency;
			package = 7BA1B3E12B46496000B20561 /* XCRemoteSwiftPackageReference "firebase-ios-sdk" */;
			productName = FirebaseAuth;
		};
		7BA1B3F02B46496000B20561 /* FirebaseAuthCombine-Community */ = {
			isa = XCSwiftPackageProductDependency;
			package = 7BA1B3E12B46496000B20561 /* XCRemoteSwiftPackageReference "firebase-ios-sdk" */;
			productName = "FirebaseAuthCombine-Community";
		};
		7BA1B3F22B46496000B20561 /* FirebaseCrashlytics */ = {
			isa = XCSwiftPackageProductDependency;
			package = 7BA1B3E12B46496000B20561 /* XCRemoteSwiftPackageReference "firebase-ios-sdk" */;
			productName = FirebaseCrashlytics;
		};
		7BA1B3F42B46496000B20561 /* FirebaseDatabase */ = {
			isa = XCSwiftPackageProductDependency;
			package = 7BA1B3E12B46496000B20561 /* XCRemoteSwiftPackageReference "firebase-ios-sdk" */;
			productName = FirebaseDatabase;
		};
		7BA1B3F62B46496000B20561 /* FirebaseDatabaseSwift */ = {
			isa = XCSwiftPackageProductDependency;
			package = 7BA1B3E12B46496000B20561 /* XCRemoteSwiftPackageReference "firebase-ios-sdk" */;
			productName = FirebaseDatabaseSwift;
		};
		7BA1B3F82B46496000B20561 /* FirebaseDynamicLinks */ = {
			isa = XCSwiftPackageProductDependency;
			package = 7BA1B3E12B46496000B20561 /* XCRemoteSwiftPackageReference "firebase-ios-sdk" */;
			productName = FirebaseDynamicLinks;
		};
		7BA1B3FA2B46496000B20561 /* FirebaseFirestore */ = {
			isa = XCSwiftPackageProductDependency;
			package = 7BA1B3E12B46496000B20561 /* XCRemoteSwiftPackageReference "firebase-ios-sdk" */;
			productName = FirebaseFirestore;
		};
		7BA1B3FC2B46496000B20561 /* FirebaseFirestoreCombine-Community */ = {
			isa = XCSwiftPackageProductDependency;
			package = 7BA1B3E12B46496000B20561 /* XCRemoteSwiftPackageReference "firebase-ios-sdk" */;
			productName = "FirebaseFirestoreCombine-Community";
		};
		7BA1B3FE2B46496000B20561 /* FirebaseFirestoreSwift */ = {
			isa = XCSwiftPackageProductDependency;
			package = 7BA1B3E12B46496000B20561 /* XCRemoteSwiftPackageReference "firebase-ios-sdk" */;
			productName = FirebaseFirestoreSwift;
		};
		7BA1B4002B46496000B20561 /* FirebaseFunctions */ = {
			isa = XCSwiftPackageProductDependency;
			package = 7BA1B3E12B46496000B20561 /* XCRemoteSwiftPackageReference "firebase-ios-sdk" */;
			productName = FirebaseFunctions;
		};
		7BA1B4022B46496000B20561 /* FirebaseFunctionsCombine-Community */ = {
			isa = XCSwiftPackageProductDependency;
			package = 7BA1B3E12B46496000B20561 /* XCRemoteSwiftPackageReference "firebase-ios-sdk" */;
			productName = "FirebaseFunctionsCombine-Community";
		};
		7BA1B4042B46496000B20561 /* FirebaseInAppMessaging-Beta */ = {
			isa = XCSwiftPackageProductDependency;
			package = 7BA1B3E12B46496000B20561 /* XCRemoteSwiftPackageReference "firebase-ios-sdk" */;
			productName = "FirebaseInAppMessaging-Beta";
		};
		7BA1B4062B46496000B20561 /* FirebaseInAppMessagingSwift-Beta */ = {
			isa = XCSwiftPackageProductDependency;
			package = 7BA1B3E12B46496000B20561 /* XCRemoteSwiftPackageReference "firebase-ios-sdk" */;
			productName = "FirebaseInAppMessagingSwift-Beta";
		};
		7BA1B4082B46496000B20561 /* FirebaseInstallations */ = {
			isa = XCSwiftPackageProductDependency;
			package = 7BA1B3E12B46496000B20561 /* XCRemoteSwiftPackageReference "firebase-ios-sdk" */;
			productName = FirebaseInstallations;
		};
		7BA1B40A2B46496000B20561 /* FirebaseMLModelDownloader */ = {
			isa = XCSwiftPackageProductDependency;
			package = 7BA1B3E12B46496000B20561 /* XCRemoteSwiftPackageReference "firebase-ios-sdk" */;
			productName = FirebaseMLModelDownloader;
		};
		7BA1B40C2B46496000B20561 /* FirebaseMessaging */ = {
			isa = XCSwiftPackageProductDependency;
			package = 7BA1B3E12B46496000B20561 /* XCRemoteSwiftPackageReference "firebase-ios-sdk" */;
			productName = FirebaseMessaging;
		};
		7BA1B40E2B46496000B20561 /* FirebasePerformance */ = {
			isa = XCSwiftPackageProductDependency;
			package = 7BA1B3E12B46496000B20561 /* XCRemoteSwiftPackageReference "firebase-ios-sdk" */;
			productName = FirebasePerformance;
		};
		7BA1B4102B46496000B20561 /* FirebaseRemoteConfig */ = {
			isa = XCSwiftPackageProductDependency;
			package = 7BA1B3E12B46496000B20561 /* XCRemoteSwiftPackageReference "firebase-ios-sdk" */;
			productName = FirebaseRemoteConfig;
		};
		7BA1B4122B46496000B20561 /* FirebaseRemoteConfigSwift */ = {
			isa = XCSwiftPackageProductDependency;
			package = 7BA1B3E12B46496000B20561 /* XCRemoteSwiftPackageReference "firebase-ios-sdk" */;
			productName = FirebaseRemoteConfigSwift;
		};
		7BA1B4142B46496000B20561 /* FirebaseStorage */ = {
			isa = XCSwiftPackageProductDependency;
			package = 7BA1B3E12B46496000B20561 /* XCRemoteSwiftPackageReference "firebase-ios-sdk" */;
			productName = FirebaseStorage;
		};
		7BA1B4162B46496000B20561 /* FirebaseStorageCombine-Community */ = {
			isa = XCSwiftPackageProductDependency;
			package = 7BA1B3E12B46496000B20561 /* XCRemoteSwiftPackageReference "firebase-ios-sdk" */;
			productName = "FirebaseStorageCombine-Community";
		};
/* End XCSwiftPackageProductDependency section */
	};
	rootObject = 7BA1B3C42B4643A500B20561 /* Project object */;
}
