// !$*UTF8*$!
{
	archiveVersion = 1;
	classes = {
	};
	objectVersion = 56;
	objects = {

/* Begin PBXBuildFile section */
		7B0574532B5F47D800B48677 /* whisky.json in Resources */ = {isa = PBXBuildFile; fileRef = 7B05744E2B5F47D800B48677 /* whisky.json */; };
		7B0574542B5F47D800B48677 /* wine.json in Resources */ = {isa = PBXBuildFile; fileRef = 7B05744F2B5F47D800B48677 /* wine.json */; };
		7B0574552B5F47D800B48677 /* beer.json in Resources */ = {isa = PBXBuildFile; fileRef = 7B0574502B5F47D800B48677 /* beer.json */; };
		7B0574562B5F47D800B48677 /* cocktail.json in Resources */ = {isa = PBXBuildFile; fileRef = 7B0574512B5F47D800B48677 /* cocktail.json */; };
		7B0574572B5F47D800B48677 /* traditional_liquor.json in Resources */ = {isa = PBXBuildFile; fileRef = 7B0574522B5F47D800B48677 /* traditional_liquor.json */; };
		7B0574592B5F504D00B48677 /* DrinkModel.swift in Sources */ = {isa = PBXBuildFile; fileRef = 7B0574582B5F504D00B48677 /* DrinkModel.swift */; };
		7B05745B2B5F7C7700B48677 /* DrinkViewModel.swift in Sources */ = {isa = PBXBuildFile; fileRef = 7B05745A2B5F7C7700B48677 /* DrinkViewModel.swift */; };
		7B05745D2B5F932100B48677 /* ProcessedDrinkModel.swift in Sources */ = {isa = PBXBuildFile; fileRef = 7B05745C2B5F932100B48677 /* ProcessedDrinkModel.swift */; };
		7B0574692B60009100B48677 /* FirebaseAnalytics in Frameworks */ = {isa = PBXBuildFile; productRef = 7B0574682B60009100B48677 /* FirebaseAnalytics */; };
		7B05746B2B60009100B48677 /* FirebaseAnalyticsOnDeviceConversion in Frameworks */ = {isa = PBXBuildFile; productRef = 7B05746A2B60009100B48677 /* FirebaseAnalyticsOnDeviceConversion */; };
		7B05746D2B60009100B48677 /* FirebaseAnalyticsSwift in Frameworks */ = {isa = PBXBuildFile; productRef = 7B05746C2B60009100B48677 /* FirebaseAnalyticsSwift */; };
		7B05746F2B60009100B48677 /* FirebaseAnalyticsWithoutAdIdSupport in Frameworks */ = {isa = PBXBuildFile; productRef = 7B05746E2B60009100B48677 /* FirebaseAnalyticsWithoutAdIdSupport */; };
		7B0574712B60009100B48677 /* FirebaseAppCheck in Frameworks */ = {isa = PBXBuildFile; productRef = 7B0574702B60009100B48677 /* FirebaseAppCheck */; };
		7B0574732B60009100B48677 /* FirebaseAppDistribution-Beta in Frameworks */ = {isa = PBXBuildFile; productRef = 7B0574722B60009100B48677 /* FirebaseAppDistribution-Beta */; };
		7B0574752B60009100B48677 /* FirebaseAuth in Frameworks */ = {isa = PBXBuildFile; productRef = 7B0574742B60009100B48677 /* FirebaseAuth */; };
		7B0574772B60009100B48677 /* FirebaseAuthCombine-Community in Frameworks */ = {isa = PBXBuildFile; productRef = 7B0574762B60009100B48677 /* FirebaseAuthCombine-Community */; };
		7B0574792B60009100B48677 /* FirebaseCrashlytics in Frameworks */ = {isa = PBXBuildFile; productRef = 7B0574782B60009100B48677 /* FirebaseCrashlytics */; };
		7B05747B2B60009100B48677 /* FirebaseDatabase in Frameworks */ = {isa = PBXBuildFile; productRef = 7B05747A2B60009100B48677 /* FirebaseDatabase */; };
		7B05747D2B60009100B48677 /* FirebaseDatabaseSwift in Frameworks */ = {isa = PBXBuildFile; productRef = 7B05747C2B60009100B48677 /* FirebaseDatabaseSwift */; };
		7B05747F2B60009100B48677 /* FirebaseDynamicLinks in Frameworks */ = {isa = PBXBuildFile; productRef = 7B05747E2B60009100B48677 /* FirebaseDynamicLinks */; };
		7B0574812B600DFA00B48677 /* FirebaseAnalytics in Frameworks */ = {isa = PBXBuildFile; productRef = 7B0574802B600DFA00B48677 /* FirebaseAnalytics */; };
		7B0574832B600DFA00B48677 /* FirebaseAnalyticsOnDeviceConversion in Frameworks */ = {isa = PBXBuildFile; productRef = 7B0574822B600DFA00B48677 /* FirebaseAnalyticsOnDeviceConversion */; };
		7B0574852B600DFA00B48677 /* FirebaseAnalyticsSwift in Frameworks */ = {isa = PBXBuildFile; productRef = 7B0574842B600DFA00B48677 /* FirebaseAnalyticsSwift */; };
		7B0574872B600DFA00B48677 /* FirebaseAnalyticsWithoutAdIdSupport in Frameworks */ = {isa = PBXBuildFile; productRef = 7B0574862B600DFA00B48677 /* FirebaseAnalyticsWithoutAdIdSupport */; };
		7B0574892B600DFA00B48677 /* FirebaseAppCheck in Frameworks */ = {isa = PBXBuildFile; productRef = 7B0574882B600DFA00B48677 /* FirebaseAppCheck */; };
		7B05748B2B600DFA00B48677 /* FirebaseAppDistribution-Beta in Frameworks */ = {isa = PBXBuildFile; productRef = 7B05748A2B600DFA00B48677 /* FirebaseAppDistribution-Beta */; };
		7B05748D2B600DFA00B48677 /* FirebaseAuth in Frameworks */ = {isa = PBXBuildFile; productRef = 7B05748C2B600DFA00B48677 /* FirebaseAuth */; };
		7B05748F2B600DFA00B48677 /* FirebaseAuthCombine-Community in Frameworks */ = {isa = PBXBuildFile; productRef = 7B05748E2B600DFA00B48677 /* FirebaseAuthCombine-Community */; };
		7B0574912B600DFA00B48677 /* FirebaseCrashlytics in Frameworks */ = {isa = PBXBuildFile; productRef = 7B0574902B600DFA00B48677 /* FirebaseCrashlytics */; };
		7B0574932B600DFA00B48677 /* FirebaseDatabase in Frameworks */ = {isa = PBXBuildFile; productRef = 7B0574922B600DFA00B48677 /* FirebaseDatabase */; };
		7B0574952B600DFA00B48677 /* FirebaseDatabaseSwift in Frameworks */ = {isa = PBXBuildFile; productRef = 7B0574942B600DFA00B48677 /* FirebaseDatabaseSwift */; };
		7B0574972B600DFA00B48677 /* FirebaseDynamicLinks in Frameworks */ = {isa = PBXBuildFile; productRef = 7B0574962B600DFA00B48677 /* FirebaseDynamicLinks */; };
		7B0574992B600DFA00B48677 /* FirebaseFirestore in Frameworks */ = {isa = PBXBuildFile; productRef = 7B0574982B600DFA00B48677 /* FirebaseFirestore */; };
		7B05749B2B600DFA00B48677 /* FirebaseFirestoreCombine-Community in Frameworks */ = {isa = PBXBuildFile; productRef = 7B05749A2B600DFA00B48677 /* FirebaseFirestoreCombine-Community */; };
		7B05749D2B600DFA00B48677 /* FirebaseFirestoreSwift in Frameworks */ = {isa = PBXBuildFile; productRef = 7B05749C2B600DFA00B48677 /* FirebaseFirestoreSwift */; };
		7B05749F2B600DFA00B48677 /* FirebaseFunctions in Frameworks */ = {isa = PBXBuildFile; productRef = 7B05749E2B600DFA00B48677 /* FirebaseFunctions */; };
		7B0574A12B600DFA00B48677 /* FirebaseFunctionsCombine-Community in Frameworks */ = {isa = PBXBuildFile; productRef = 7B0574A02B600DFA00B48677 /* FirebaseFunctionsCombine-Community */; };
		7B0574A32B600DFA00B48677 /* FirebaseInAppMessaging-Beta in Frameworks */ = {isa = PBXBuildFile; productRef = 7B0574A22B600DFA00B48677 /* FirebaseInAppMessaging-Beta */; };
		7B0574A52B600DFA00B48677 /* FirebaseInAppMessagingSwift-Beta in Frameworks */ = {isa = PBXBuildFile; productRef = 7B0574A42B600DFA00B48677 /* FirebaseInAppMessagingSwift-Beta */; };
		7B0574A72B600DFA00B48677 /* FirebaseInstallations in Frameworks */ = {isa = PBXBuildFile; productRef = 7B0574A62B600DFA00B48677 /* FirebaseInstallations */; };
		7B0574A92B600DFA00B48677 /* FirebaseMLModelDownloader in Frameworks */ = {isa = PBXBuildFile; productRef = 7B0574A82B600DFA00B48677 /* FirebaseMLModelDownloader */; };
		7B0574AB2B600DFA00B48677 /* FirebaseMessaging in Frameworks */ = {isa = PBXBuildFile; productRef = 7B0574AA2B600DFA00B48677 /* FirebaseMessaging */; };
		7B0574AD2B600DFA00B48677 /* FirebasePerformance in Frameworks */ = {isa = PBXBuildFile; productRef = 7B0574AC2B600DFA00B48677 /* FirebasePerformance */; };
		7B0574AF2B600DFA00B48677 /* FirebaseRemoteConfig in Frameworks */ = {isa = PBXBuildFile; productRef = 7B0574AE2B600DFA00B48677 /* FirebaseRemoteConfig */; };
		7B0574B12B600DFA00B48677 /* FirebaseRemoteConfigSwift in Frameworks */ = {isa = PBXBuildFile; productRef = 7B0574B02B600DFA00B48677 /* FirebaseRemoteConfigSwift */; };
		7B0574B32B600DFA00B48677 /* FirebaseStorage in Frameworks */ = {isa = PBXBuildFile; productRef = 7B0574B22B600DFA00B48677 /* FirebaseStorage */; };
		7B0574B52B600DFA00B48677 /* FirebaseStorageCombine-Community in Frameworks */ = {isa = PBXBuildFile; productRef = 7B0574B42B600DFA00B48677 /* FirebaseStorageCombine-Community */; };
		7B0574B72B61373900B48677 /* PostCell.swift in Sources */ = {isa = PBXBuildFile; fileRef = 7B0574B62B61373900B48677 /* PostCell.swift */; };
		7B0574B92B613A8100B48677 /* MultipleIcon.swift in Sources */ = {isa = PBXBuildFile; fileRef = 7B0574B82B613A8100B48677 /* MultipleIcon.swift */; };
		7B6D76952B62AA5E00601B55 /* PostDetailView.swift in Sources */ = {isa = PBXBuildFile; fileRef = 7B6D76942B62AA5E00601B55 /* PostDetailView.swift */; };
		7B6D769F2B676F2300601B55 /* PostView.swift in Sources */ = {isa = PBXBuildFile; fileRef = 7B6D769E2B676F2300601B55 /* PostView.swift */; };
		7B6D76A12B676F4500601B55 /* Handler.swift in Sources */ = {isa = PBXBuildFile; fileRef = 7B6D76A02B676F4500601B55 /* Handler.swift */; };
		7B6D76A32B676F5D00601B55 /* ButtonStyle.swift in Sources */ = {isa = PBXBuildFile; fileRef = 7B6D76A22B676F5D00601B55 /* ButtonStyle.swift */; };
		7B80B7622B5E304200E1C1BA /* df_wine.csv in Resources */ = {isa = PBXBuildFile; fileRef = 7B80B75D2B5E304200E1C1BA /* df_wine.csv */; };
		7B80B7632B5E304200E1C1BA /* cocktail.csv in Resources */ = {isa = PBXBuildFile; fileRef = 7B80B75E2B5E304200E1C1BA /* cocktail.csv */; };
		7B80B7642B5E304200E1C1BA /* whisky.csv in Resources */ = {isa = PBXBuildFile; fileRef = 7B80B75F2B5E304200E1C1BA /* whisky.csv */; };
		7B80B7652B5E304200E1C1BA /* beer.csv in Resources */ = {isa = PBXBuildFile; fileRef = 7B80B7602B5E304200E1C1BA /* beer.csv */; };
		7B80B7662B5E304200E1C1BA /* traditional_liquor.csv in Resources */ = {isa = PBXBuildFile; fileRef = 7B80B7612B5E304200E1C1BA /* traditional_liquor.csv */; };
		7BD6F5872B5DF97D0032A136 /* CSVReadTestApp.swift in Sources */ = {isa = PBXBuildFile; fileRef = 7BD6F5862B5DF97D0032A136 /* CSVReadTestApp.swift */; };
		7BD6F5892B5DF97D0032A136 /* ContentView.swift in Sources */ = {isa = PBXBuildFile; fileRef = 7BD6F5882B5DF97D0032A136 /* ContentView.swift */; };
		7BD6F58B2B5DF97E0032A136 /* Assets.xcassets in Resources */ = {isa = PBXBuildFile; fileRef = 7BD6F58A2B5DF97E0032A136 /* Assets.xcassets */; };
		7BD6F58E2B5DF97E0032A136 /* Preview Assets.xcassets in Resources */ = {isa = PBXBuildFile; fileRef = 7BD6F58D2B5DF97E0032A136 /* Preview Assets.xcassets */; };
		7BD6F5A22B5DFB6F0032A136 /* ViewModel.swift in Sources */ = {isa = PBXBuildFile; fileRef = 7BD6F5A12B5DFB6F0032A136 /* ViewModel.swift */; };
/* End PBXBuildFile section */

/* Begin PBXFileReference section */
		7B05744E2B5F47D800B48677 /* whisky.json */ = {isa = PBXFileReference; fileEncoding = 4; lastKnownFileType = text.json; name = whisky.json; path = ../../../../../../../Downloads/CSVtoJSON/whisky.json; sourceTree = "<group>"; };
		7B05744F2B5F47D800B48677 /* wine.json */ = {isa = PBXFileReference; fileEncoding = 4; lastKnownFileType = text.json; name = wine.json; path = ../../../../../../../Downloads/CSVtoJSON/wine.json; sourceTree = "<group>"; };
		7B0574502B5F47D800B48677 /* beer.json */ = {isa = PBXFileReference; fileEncoding = 4; lastKnownFileType = text.json; name = beer.json; path = ../../../../../../../Downloads/CSVtoJSON/beer.json; sourceTree = "<group>"; };
		7B0574512B5F47D800B48677 /* cocktail.json */ = {isa = PBXFileReference; fileEncoding = 4; lastKnownFileType = text.json; name = cocktail.json; path = ../../../../../../../Downloads/CSVtoJSON/cocktail.json; sourceTree = "<group>"; };
		7B0574522B5F47D800B48677 /* traditional_liquor.json */ = {isa = PBXFileReference; fileEncoding = 4; lastKnownFileType = text.json; name = traditional_liquor.json; path = ../../../../../../../Downloads/CSVtoJSON/traditional_liquor.json; sourceTree = "<group>"; };
		7B0574582B5F504D00B48677 /* DrinkModel.swift */ = {isa = PBXFileReference; lastKnownFileType = sourcecode.swift; path = DrinkModel.swift; sourceTree = "<group>"; };
		7B05745A2B5F7C7700B48677 /* DrinkViewModel.swift */ = {isa = PBXFileReference; lastKnownFileType = sourcecode.swift; path = DrinkViewModel.swift; sourceTree = "<group>"; };
		7B05745C2B5F932100B48677 /* ProcessedDrinkModel.swift */ = {isa = PBXFileReference; lastKnownFileType = sourcecode.swift; path = ProcessedDrinkModel.swift; sourceTree = "<group>"; };
		7B0574B62B61373900B48677 /* PostCell.swift */ = {isa = PBXFileReference; lastKnownFileType = sourcecode.swift; path = PostCell.swift; sourceTree = "<group>"; };
		7B0574B82B613A8100B48677 /* MultipleIcon.swift */ = {isa = PBXFileReference; lastKnownFileType = sourcecode.swift; path = MultipleIcon.swift; sourceTree = "<group>"; };
		7B6D76942B62AA5E00601B55 /* PostDetailView.swift */ = {isa = PBXFileReference; lastKnownFileType = sourcecode.swift; path = PostDetailView.swift; sourceTree = "<group>"; };
		7B6D769E2B676F2300601B55 /* PostView.swift */ = {isa = PBXFileReference; lastKnownFileType = sourcecode.swift; path = PostView.swift; sourceTree = "<group>"; };
		7B6D76A02B676F4500601B55 /* Handler.swift */ = {isa = PBXFileReference; lastKnownFileType = sourcecode.swift; path = Handler.swift; sourceTree = "<group>"; };
		7B6D76A22B676F5D00601B55 /* ButtonStyle.swift */ = {isa = PBXFileReference; lastKnownFileType = sourcecode.swift; path = ButtonStyle.swift; sourceTree = "<group>"; };
		7B80B75D2B5E304200E1C1BA /* df_wine.csv */ = {isa = PBXFileReference; fileEncoding = 4; lastKnownFileType = text; name = df_wine.csv; path = ../../../../../../../Downloads/data_utf8/df_wine.csv; sourceTree = "<group>"; };
		7B80B75E2B5E304200E1C1BA /* cocktail.csv */ = {isa = PBXFileReference; fileEncoding = 4; lastKnownFileType = text; name = cocktail.csv; path = ../../../../../../../Downloads/data_utf8/cocktail.csv; sourceTree = "<group>"; };
		7B80B75F2B5E304200E1C1BA /* whisky.csv */ = {isa = PBXFileReference; fileEncoding = 4; lastKnownFileType = text; name = whisky.csv; path = ../../../../../../../Downloads/data_utf8/whisky.csv; sourceTree = "<group>"; };
		7B80B7602B5E304200E1C1BA /* beer.csv */ = {isa = PBXFileReference; fileEncoding = 4; lastKnownFileType = text; name = beer.csv; path = ../../../../../../../Downloads/data_utf8/beer.csv; sourceTree = "<group>"; };
		7B80B7612B5E304200E1C1BA /* traditional_liquor.csv */ = {isa = PBXFileReference; fileEncoding = 4; lastKnownFileType = text; name = traditional_liquor.csv; path = ../../../../../../../Downloads/data_utf8/traditional_liquor.csv; sourceTree = "<group>"; };
		7BD6F5832B5DF97D0032A136 /* CSVReadTest.app */ = {isa = PBXFileReference; explicitFileType = wrapper.application; includeInIndex = 0; path = CSVReadTest.app; sourceTree = BUILT_PRODUCTS_DIR; };
		7BD6F5862B5DF97D0032A136 /* CSVReadTestApp.swift */ = {isa = PBXFileReference; lastKnownFileType = sourcecode.swift; path = CSVReadTestApp.swift; sourceTree = "<group>"; };
		7BD6F5882B5DF97D0032A136 /* ContentView.swift */ = {isa = PBXFileReference; lastKnownFileType = sourcecode.swift; path = ContentView.swift; sourceTree = "<group>"; };
		7BD6F58A2B5DF97E0032A136 /* Assets.xcassets */ = {isa = PBXFileReference; lastKnownFileType = folder.assetcatalog; path = Assets.xcassets; sourceTree = "<group>"; };
		7BD6F58D2B5DF97E0032A136 /* Preview Assets.xcassets */ = {isa = PBXFileReference; lastKnownFileType = folder.assetcatalog; path = "Preview Assets.xcassets"; sourceTree = "<group>"; };
		7BD6F5A12B5DFB6F0032A136 /* ViewModel.swift */ = {isa = PBXFileReference; lastKnownFileType = sourcecode.swift; path = ViewModel.swift; sourceTree = "<group>"; };
/* End PBXFileReference section */

/* Begin PBXFrameworksBuildPhase section */
		7BD6F5802B5DF97D0032A136 /* Frameworks */ = {
			isa = PBXFrameworksBuildPhase;
			buildActionMask = 2147483647;
			files = (
				7B05747B2B60009100B48677 /* FirebaseDatabase in Frameworks */,
				7B0574892B600DFA00B48677 /* FirebaseAppCheck in Frameworks */,
				7B05746D2B60009100B48677 /* FirebaseAnalyticsSwift in Frameworks */,
				7B0574912B600DFA00B48677 /* FirebaseCrashlytics in Frameworks */,
				7B0574692B60009100B48677 /* FirebaseAnalytics in Frameworks */,
				7B0574832B600DFA00B48677 /* FirebaseAnalyticsOnDeviceConversion in Frameworks */,
				7B05746B2B60009100B48677 /* FirebaseAnalyticsOnDeviceConversion in Frameworks */,
				7B0574AD2B600DFA00B48677 /* FirebasePerformance in Frameworks */,
				7B0574812B600DFA00B48677 /* FirebaseAnalytics in Frameworks */,
				7B0574B32B600DFA00B48677 /* FirebaseStorage in Frameworks */,
				7B0574932B600DFA00B48677 /* FirebaseDatabase in Frameworks */,
				7B0574712B60009100B48677 /* FirebaseAppCheck in Frameworks */,
				7B0574872B600DFA00B48677 /* FirebaseAnalyticsWithoutAdIdSupport in Frameworks */,
				7B0574972B600DFA00B48677 /* FirebaseDynamicLinks in Frameworks */,
				7B0574B12B600DFA00B48677 /* FirebaseRemoteConfigSwift in Frameworks */,
				7B0574952B600DFA00B48677 /* FirebaseDatabaseSwift in Frameworks */,
				7B0574B52B600DFA00B48677 /* FirebaseStorageCombine-Community in Frameworks */,
				7B05749B2B600DFA00B48677 /* FirebaseFirestoreCombine-Community in Frameworks */,
				7B05746F2B60009100B48677 /* FirebaseAnalyticsWithoutAdIdSupport in Frameworks */,
				7B05749F2B600DFA00B48677 /* FirebaseFunctions in Frameworks */,
				7B0574752B60009100B48677 /* FirebaseAuth in Frameworks */,
				7B0574852B600DFA00B48677 /* FirebaseAnalyticsSwift in Frameworks */,
				7B0574A92B600DFA00B48677 /* FirebaseMLModelDownloader in Frameworks */,
				7B0574A52B600DFA00B48677 /* FirebaseInAppMessagingSwift-Beta in Frameworks */,
				7B05749D2B600DFA00B48677 /* FirebaseFirestoreSwift in Frameworks */,
				7B0574792B60009100B48677 /* FirebaseCrashlytics in Frameworks */,
				7B05748D2B600DFA00B48677 /* FirebaseAuth in Frameworks */,
				7B05747D2B60009100B48677 /* FirebaseDatabaseSwift in Frameworks */,
				7B0574732B60009100B48677 /* FirebaseAppDistribution-Beta in Frameworks */,
				7B0574772B60009100B48677 /* FirebaseAuthCombine-Community in Frameworks */,
				7B0574AF2B600DFA00B48677 /* FirebaseRemoteConfig in Frameworks */,
				7B0574AB2B600DFA00B48677 /* FirebaseMessaging in Frameworks */,
				7B05747F2B60009100B48677 /* FirebaseDynamicLinks in Frameworks */,
				7B05748B2B600DFA00B48677 /* FirebaseAppDistribution-Beta in Frameworks */,
				7B0574A72B600DFA00B48677 /* FirebaseInstallations in Frameworks */,
				7B0574A12B600DFA00B48677 /* FirebaseFunctionsCombine-Community in Frameworks */,
				7B0574992B600DFA00B48677 /* FirebaseFirestore in Frameworks */,
				7B05748F2B600DFA00B48677 /* FirebaseAuthCombine-Community in Frameworks */,
				7B0574A32B600DFA00B48677 /* FirebaseInAppMessaging-Beta in Frameworks */,
			);
			runOnlyForDeploymentPostprocessing = 0;
		};
/* End PBXFrameworksBuildPhase section */

/* Begin PBXGroup section */
		7B05744D2B5F47BC00B48677 /* JSON */ = {
			isa = PBXGroup;
			children = (
				7B0574502B5F47D800B48677 /* beer.json */,
				7B0574512B5F47D800B48677 /* cocktail.json */,
				7B0574522B5F47D800B48677 /* traditional_liquor.json */,
				7B05744E2B5F47D800B48677 /* whisky.json */,
				7B05744F2B5F47D800B48677 /* wine.json */,
			);
			path = JSON;
			sourceTree = "<group>";
		};
		7B05745E2B5FA3FA00B48677 /* ProcessJson */ = {
			isa = PBXGroup;
			children = (
			);
			path = ProcessJson;
			sourceTree = "<group>";
		};
		7BD6F57A2B5DF97D0032A136 = {
			isa = PBXGroup;
			children = (
				7BD6F5852B5DF97D0032A136 /* CSVReadTest */,
				7BD6F5842B5DF97D0032A136 /* Products */,
			);
			sourceTree = "<group>";
		};
		7BD6F5842B5DF97D0032A136 /* Products */ = {
			isa = PBXGroup;
			children = (
				7BD6F5832B5DF97D0032A136 /* CSVReadTest.app */,
			);
			name = Products;
			sourceTree = "<group>";
		};
		7BD6F5852B5DF97D0032A136 /* CSVReadTest */ = {
			isa = PBXGroup;
			children = (
				7BD6F5862B5DF97D0032A136 /* CSVReadTestApp.swift */,
				7BD6F5882B5DF97D0032A136 /* ContentView.swift */,
				7B0574B62B61373900B48677 /* PostCell.swift */,
				7B6D769E2B676F2300601B55 /* PostView.swift */,
				7B6D76942B62AA5E00601B55 /* PostDetailView.swift */,
				7B6D76A02B676F4500601B55 /* Handler.swift */,
				7B6D76A22B676F5D00601B55 /* ButtonStyle.swift */,
				7B0574B82B613A8100B48677 /* MultipleIcon.swift */,
				7BD6F5A12B5DFB6F0032A136 /* ViewModel.swift */,
				7BD6F58A2B5DF97E0032A136 /* Assets.xcassets */,
				7BD6F5942B5DFA810032A136 /* CSV */,
				7B05744D2B5F47BC00B48677 /* JSON */,
				7B05745E2B5FA3FA00B48677 /* ProcessJson */,
				7B0574582B5F504D00B48677 /* DrinkModel.swift */,
				7B05745A2B5F7C7700B48677 /* DrinkViewModel.swift */,
				7B05745C2B5F932100B48677 /* ProcessedDrinkModel.swift */,
				7BD6F58C2B5DF97E0032A136 /* Preview Content */,
			);
			path = CSVReadTest;
			sourceTree = "<group>";
		};
		7BD6F58C2B5DF97E0032A136 /* Preview Content */ = {
			isa = PBXGroup;
			children = (
				7BD6F58D2B5DF97E0032A136 /* Preview Assets.xcassets */,
			);
			path = "Preview Content";
			sourceTree = "<group>";
		};
		7BD6F5942B5DFA810032A136 /* CSV */ = {
			isa = PBXGroup;
			children = (
				7B80B7602B5E304200E1C1BA /* beer.csv */,
				7B80B75E2B5E304200E1C1BA /* cocktail.csv */,
				7B80B75D2B5E304200E1C1BA /* df_wine.csv */,
				7B80B7612B5E304200E1C1BA /* traditional_liquor.csv */,
				7B80B75F2B5E304200E1C1BA /* whisky.csv */,
			);
			path = CSV;
			sourceTree = "<group>";
		};
/* End PBXGroup section */

/* Begin PBXNativeTarget section */
		7BD6F5822B5DF97D0032A136 /* CSVReadTest */ = {
			isa = PBXNativeTarget;
			buildConfigurationList = 7BD6F5912B5DF97E0032A136 /* Build configuration list for PBXNativeTarget "CSVReadTest" */;
			buildPhases = (
				7BD6F57F2B5DF97D0032A136 /* Sources */,
				7BD6F5802B5DF97D0032A136 /* Frameworks */,
				7BD6F5812B5DF97D0032A136 /* Resources */,
			);
			buildRules = (
			);
			dependencies = (
			);
			name = CSVReadTest;
			packageProductDependencies = (
				7B0574682B60009100B48677 /* FirebaseAnalytics */,
				7B05746A2B60009100B48677 /* FirebaseAnalyticsOnDeviceConversion */,
				7B05746C2B60009100B48677 /* FirebaseAnalyticsSwift */,
				7B05746E2B60009100B48677 /* FirebaseAnalyticsWithoutAdIdSupport */,
				7B0574702B60009100B48677 /* FirebaseAppCheck */,
				7B0574722B60009100B48677 /* FirebaseAppDistribution-Beta */,
				7B0574742B60009100B48677 /* FirebaseAuth */,
				7B0574762B60009100B48677 /* FirebaseAuthCombine-Community */,
				7B0574782B60009100B48677 /* FirebaseCrashlytics */,
				7B05747A2B60009100B48677 /* FirebaseDatabase */,
				7B05747C2B60009100B48677 /* FirebaseDatabaseSwift */,
				7B05747E2B60009100B48677 /* FirebaseDynamicLinks */,
				7B0574802B600DFA00B48677 /* FirebaseAnalytics */,
				7B0574822B600DFA00B48677 /* FirebaseAnalyticsOnDeviceConversion */,
				7B0574842B600DFA00B48677 /* FirebaseAnalyticsSwift */,
				7B0574862B600DFA00B48677 /* FirebaseAnalyticsWithoutAdIdSupport */,
				7B0574882B600DFA00B48677 /* FirebaseAppCheck */,
				7B05748A2B600DFA00B48677 /* FirebaseAppDistribution-Beta */,
				7B05748C2B600DFA00B48677 /* FirebaseAuth */,
				7B05748E2B600DFA00B48677 /* FirebaseAuthCombine-Community */,
				7B0574902B600DFA00B48677 /* FirebaseCrashlytics */,
				7B0574922B600DFA00B48677 /* FirebaseDatabase */,
				7B0574942B600DFA00B48677 /* FirebaseDatabaseSwift */,
				7B0574962B600DFA00B48677 /* FirebaseDynamicLinks */,
				7B0574982B600DFA00B48677 /* FirebaseFirestore */,
				7B05749A2B600DFA00B48677 /* FirebaseFirestoreCombine-Community */,
				7B05749C2B600DFA00B48677 /* FirebaseFirestoreSwift */,
				7B05749E2B600DFA00B48677 /* FirebaseFunctions */,
				7B0574A02B600DFA00B48677 /* FirebaseFunctionsCombine-Community */,
				7B0574A22B600DFA00B48677 /* FirebaseInAppMessaging-Beta */,
				7B0574A42B600DFA00B48677 /* FirebaseInAppMessagingSwift-Beta */,
				7B0574A62B600DFA00B48677 /* FirebaseInstallations */,
				7B0574A82B600DFA00B48677 /* FirebaseMLModelDownloader */,
				7B0574AA2B600DFA00B48677 /* FirebaseMessaging */,
				7B0574AC2B600DFA00B48677 /* FirebasePerformance */,
				7B0574AE2B600DFA00B48677 /* FirebaseRemoteConfig */,
				7B0574B02B600DFA00B48677 /* FirebaseRemoteConfigSwift */,
				7B0574B22B600DFA00B48677 /* FirebaseStorage */,
				7B0574B42B600DFA00B48677 /* FirebaseStorageCombine-Community */,
			);
			productName = CSVReadTest;
			productReference = 7BD6F5832B5DF97D0032A136 /* CSVReadTest.app */;
			productType = "com.apple.product-type.application";
		};
/* End PBXNativeTarget section */

/* Begin PBXProject section */
		7BD6F57B2B5DF97D0032A136 /* Project object */ = {
			isa = PBXProject;
			attributes = {
				BuildIndependentTargetsInParallel = 1;
				LastSwiftUpdateCheck = 1520;
				LastUpgradeCheck = 1520;
				TargetAttributes = {
					7BD6F5822B5DF97D0032A136 = {
						CreatedOnToolsVersion = 15.2;
					};
				};
			};
			buildConfigurationList = 7BD6F57E2B5DF97D0032A136 /* Build configuration list for PBXProject "CSVReadTest" */;
			compatibilityVersion = "Xcode 14.0";
			developmentRegion = en;
			hasScannedForEncodings = 0;
			knownRegions = (
				en,
				Base,
			);
			mainGroup = 7BD6F57A2B5DF97D0032A136;
			packageReferences = (
				7B0574672B60009100B48677 /* XCRemoteSwiftPackageReference "firebase-ios-sdk" */,
			);
			productRefGroup = 7BD6F5842B5DF97D0032A136 /* Products */;
			projectDirPath = "";
			projectRoot = "";
			targets = (
				7BD6F5822B5DF97D0032A136 /* CSVReadTest */,
			);
		};
/* End PBXProject section */

/* Begin PBXResourcesBuildPhase section */
		7BD6F5812B5DF97D0032A136 /* Resources */ = {
			isa = PBXResourcesBuildPhase;
			buildActionMask = 2147483647;
			files = (
				7B0574562B5F47D800B48677 /* cocktail.json in Resources */,
				7B80B7632B5E304200E1C1BA /* cocktail.csv in Resources */,
				7B80B7622B5E304200E1C1BA /* df_wine.csv in Resources */,
				7B0574532B5F47D800B48677 /* whisky.json in Resources */,
				7B80B7662B5E304200E1C1BA /* traditional_liquor.csv in Resources */,
				7B0574542B5F47D800B48677 /* wine.json in Resources */,
				7B0574552B5F47D800B48677 /* beer.json in Resources */,
				7B80B7652B5E304200E1C1BA /* beer.csv in Resources */,
				7BD6F58E2B5DF97E0032A136 /* Preview Assets.xcassets in Resources */,
				7B0574572B5F47D800B48677 /* traditional_liquor.json in Resources */,
				7BD6F58B2B5DF97E0032A136 /* Assets.xcassets in Resources */,
				7B80B7642B5E304200E1C1BA /* whisky.csv in Resources */,
			);
			runOnlyForDeploymentPostprocessing = 0;
		};
/* End PBXResourcesBuildPhase section */

/* Begin PBXSourcesBuildPhase section */
		7BD6F57F2B5DF97D0032A136 /* Sources */ = {
			isa = PBXSourcesBuildPhase;
			buildActionMask = 2147483647;
			files = (
				7B6D76952B62AA5E00601B55 /* PostDetailView.swift in Sources */,
				7B0574B72B61373900B48677 /* PostCell.swift in Sources */,
				7B05745B2B5F7C7700B48677 /* DrinkViewModel.swift in Sources */,
				7B0574592B5F504D00B48677 /* DrinkModel.swift in Sources */,
				7BD6F5892B5DF97D0032A136 /* ContentView.swift in Sources */,
				7B0574B92B613A8100B48677 /* MultipleIcon.swift in Sources */,
				7BD6F5A22B5DFB6F0032A136 /* ViewModel.swift in Sources */,
				7BD6F5872B5DF97D0032A136 /* CSVReadTestApp.swift in Sources */,
				7B6D769F2B676F2300601B55 /* PostView.swift in Sources */,
				7B6D76A32B676F5D00601B55 /* ButtonStyle.swift in Sources */,
				7B6D76A12B676F4500601B55 /* Handler.swift in Sources */,
				7B05745D2B5F932100B48677 /* ProcessedDrinkModel.swift in Sources */,
			);
			runOnlyForDeploymentPostprocessing = 0;
		};
/* End PBXSourcesBuildPhase section */

/* Begin XCBuildConfiguration section */
		7BD6F58F2B5DF97E0032A136 /* Debug */ = {
			isa = XCBuildConfiguration;
			buildSettings = {
				ALWAYS_SEARCH_USER_PATHS = NO;
				ASSETCATALOG_COMPILER_GENERATE_SWIFT_ASSET_SYMBOL_EXTENSIONS = YES;
				CLANG_ANALYZER_NONNULL = YES;
				CLANG_ANALYZER_NUMBER_OBJECT_CONVERSION = YES_AGGRESSIVE;
				CLANG_CXX_LANGUAGE_STANDARD = "gnu++20";
				CLANG_ENABLE_MODULES = YES;
				CLANG_ENABLE_OBJC_ARC = YES;
				CLANG_ENABLE_OBJC_WEAK = YES;
				CLANG_WARN_BLOCK_CAPTURE_AUTORELEASING = YES;
				CLANG_WARN_BOOL_CONVERSION = YES;
				CLANG_WARN_COMMA = YES;
				CLANG_WARN_CONSTANT_CONVERSION = YES;
				CLANG_WARN_DEPRECATED_OBJC_IMPLEMENTATIONS = YES;
				CLANG_WARN_DIRECT_OBJC_ISA_USAGE = YES_ERROR;
				CLANG_WARN_DOCUMENTATION_COMMENTS = YES;
				CLANG_WARN_EMPTY_BODY = YES;
				CLANG_WARN_ENUM_CONVERSION = YES;
				CLANG_WARN_INFINITE_RECURSION = YES;
				CLANG_WARN_INT_CONVERSION = YES;
				CLANG_WARN_NON_LITERAL_NULL_CONVERSION = YES;
				CLANG_WARN_OBJC_IMPLICIT_RETAIN_SELF = YES;
				CLANG_WARN_OBJC_LITERAL_CONVERSION = YES;
				CLANG_WARN_OBJC_ROOT_CLASS = YES_ERROR;
				CLANG_WARN_QUOTED_INCLUDE_IN_FRAMEWORK_HEADER = YES;
				CLANG_WARN_RANGE_LOOP_ANALYSIS = YES;
				CLANG_WARN_STRICT_PROTOTYPES = YES;
				CLANG_WARN_SUSPICIOUS_MOVE = YES;
				CLANG_WARN_UNGUARDED_AVAILABILITY = YES_AGGRESSIVE;
				CLANG_WARN_UNREACHABLE_CODE = YES;
				CLANG_WARN__DUPLICATE_METHOD_MATCH = YES;
				COPY_PHASE_STRIP = NO;
				DEBUG_INFORMATION_FORMAT = dwarf;
				ENABLE_STRICT_OBJC_MSGSEND = YES;
				ENABLE_TESTABILITY = YES;
				ENABLE_USER_SCRIPT_SANDBOXING = YES;
				GCC_C_LANGUAGE_STANDARD = gnu17;
				GCC_DYNAMIC_NO_PIC = NO;
				GCC_NO_COMMON_BLOCKS = YES;
				GCC_OPTIMIZATION_LEVEL = 0;
				GCC_PREPROCESSOR_DEFINITIONS = (
					"DEBUG=1",
					"$(inherited)",
				);
				GCC_WARN_64_TO_32_BIT_CONVERSION = YES;
				GCC_WARN_ABOUT_RETURN_TYPE = YES_ERROR;
				GCC_WARN_UNDECLARED_SELECTOR = YES;
				GCC_WARN_UNINITIALIZED_AUTOS = YES_AGGRESSIVE;
				GCC_WARN_UNUSED_FUNCTION = YES;
				GCC_WARN_UNUSED_VARIABLE = YES;
				IPHONEOS_DEPLOYMENT_TARGET = 17.2;
				LOCALIZATION_PREFERS_STRING_CATALOGS = YES;
				MTL_ENABLE_DEBUG_INFO = INCLUDE_SOURCE;
				MTL_FAST_MATH = YES;
				ONLY_ACTIVE_ARCH = YES;
				SDKROOT = iphoneos;
				SWIFT_ACTIVE_COMPILATION_CONDITIONS = "DEBUG $(inherited)";
				SWIFT_OPTIMIZATION_LEVEL = "-Onone";
			};
			name = Debug;
		};
		7BD6F5902B5DF97E0032A136 /* Release */ = {
			isa = XCBuildConfiguration;
			buildSettings = {
				ALWAYS_SEARCH_USER_PATHS = NO;
				ASSETCATALOG_COMPILER_GENERATE_SWIFT_ASSET_SYMBOL_EXTENSIONS = YES;
				CLANG_ANALYZER_NONNULL = YES;
				CLANG_ANALYZER_NUMBER_OBJECT_CONVERSION = YES_AGGRESSIVE;
				CLANG_CXX_LANGUAGE_STANDARD = "gnu++20";
				CLANG_ENABLE_MODULES = YES;
				CLANG_ENABLE_OBJC_ARC = YES;
				CLANG_ENABLE_OBJC_WEAK = YES;
				CLANG_WARN_BLOCK_CAPTURE_AUTORELEASING = YES;
				CLANG_WARN_BOOL_CONVERSION = YES;
				CLANG_WARN_COMMA = YES;
				CLANG_WARN_CONSTANT_CONVERSION = YES;
				CLANG_WARN_DEPRECATED_OBJC_IMPLEMENTATIONS = YES;
				CLANG_WARN_DIRECT_OBJC_ISA_USAGE = YES_ERROR;
				CLANG_WARN_DOCUMENTATION_COMMENTS = YES;
				CLANG_WARN_EMPTY_BODY = YES;
				CLANG_WARN_ENUM_CONVERSION = YES;
				CLANG_WARN_INFINITE_RECURSION = YES;
				CLANG_WARN_INT_CONVERSION = YES;
				CLANG_WARN_NON_LITERAL_NULL_CONVERSION = YES;
				CLANG_WARN_OBJC_IMPLICIT_RETAIN_SELF = YES;
				CLANG_WARN_OBJC_LITERAL_CONVERSION = YES;
				CLANG_WARN_OBJC_ROOT_CLASS = YES_ERROR;
				CLANG_WARN_QUOTED_INCLUDE_IN_FRAMEWORK_HEADER = YES;
				CLANG_WARN_RANGE_LOOP_ANALYSIS = YES;
				CLANG_WARN_STRICT_PROTOTYPES = YES;
				CLANG_WARN_SUSPICIOUS_MOVE = YES;
				CLANG_WARN_UNGUARDED_AVAILABILITY = YES_AGGRESSIVE;
				CLANG_WARN_UNREACHABLE_CODE = YES;
				CLANG_WARN__DUPLICATE_METHOD_MATCH = YES;
				COPY_PHASE_STRIP = NO;
				DEBUG_INFORMATION_FORMAT = "dwarf-with-dsym";
				ENABLE_NS_ASSERTIONS = NO;
				ENABLE_STRICT_OBJC_MSGSEND = YES;
				ENABLE_USER_SCRIPT_SANDBOXING = YES;
				GCC_C_LANGUAGE_STANDARD = gnu17;
				GCC_NO_COMMON_BLOCKS = YES;
				GCC_WARN_64_TO_32_BIT_CONVERSION = YES;
				GCC_WARN_ABOUT_RETURN_TYPE = YES_ERROR;
				GCC_WARN_UNDECLARED_SELECTOR = YES;
				GCC_WARN_UNINITIALIZED_AUTOS = YES_AGGRESSIVE;
				GCC_WARN_UNUSED_FUNCTION = YES;
				GCC_WARN_UNUSED_VARIABLE = YES;
				IPHONEOS_DEPLOYMENT_TARGET = 17.2;
				LOCALIZATION_PREFERS_STRING_CATALOGS = YES;
				MTL_ENABLE_DEBUG_INFO = NO;
				MTL_FAST_MATH = YES;
				SDKROOT = iphoneos;
				SWIFT_COMPILATION_MODE = wholemodule;
				VALIDATE_PRODUCT = YES;
			};
			name = Release;
		};
		7BD6F5922B5DF97E0032A136 /* Debug */ = {
			isa = XCBuildConfiguration;
			buildSettings = {
				ASSETCATALOG_COMPILER_APPICON_NAME = AppIcon;
				ASSETCATALOG_COMPILER_GLOBAL_ACCENT_COLOR_NAME = AccentColor;
				CODE_SIGN_STYLE = Automatic;
				CURRENT_PROJECT_VERSION = 1;
				DEVELOPMENT_ASSET_PATHS = "\"CSVReadTest/Preview Content\"";
				DEVELOPMENT_TEAM = Y6QXM3Q994;
				ENABLE_PREVIEWS = YES;
				GENERATE_INFOPLIST_FILE = YES;
				INFOPLIST_KEY_UIApplicationSceneManifest_Generation = YES;
				INFOPLIST_KEY_UIApplicationSupportsIndirectInputEvents = YES;
				INFOPLIST_KEY_UILaunchScreen_Generation = YES;
				INFOPLIST_KEY_UISupportedInterfaceOrientations_iPad = "UIInterfaceOrientationPortrait UIInterfaceOrientationPortraitUpsideDown UIInterfaceOrientationLandscapeLeft UIInterfaceOrientationLandscapeRight";
				INFOPLIST_KEY_UISupportedInterfaceOrientations_iPhone = "UIInterfaceOrientationPortrait UIInterfaceOrientationLandscapeLeft UIInterfaceOrientationLandscapeRight";
				LD_RUNPATH_SEARCH_PATHS = (
					"$(inherited)",
					"@executable_path/Frameworks",
				);
				MARKETING_VERSION = 1.0;
				PRODUCT_BUNDLE_IDENTIFIER = kr.co.kmj.CSVReadTest;
				PRODUCT_NAME = "$(TARGET_NAME)";
				SWIFT_EMIT_LOC_STRINGS = YES;
				SWIFT_VERSION = 5.0;
				TARGETED_DEVICE_FAMILY = "1,2";
			};
			name = Debug;
		};
		7BD6F5932B5DF97E0032A136 /* Release */ = {
			isa = XCBuildConfiguration;
			buildSettings = {
				ASSETCATALOG_COMPILER_APPICON_NAME = AppIcon;
				ASSETCATALOG_COMPILER_GLOBAL_ACCENT_COLOR_NAME = AccentColor;
				CODE_SIGN_STYLE = Automatic;
				CURRENT_PROJECT_VERSION = 1;
				DEVELOPMENT_ASSET_PATHS = "\"CSVReadTest/Preview Content\"";
				DEVELOPMENT_TEAM = Y6QXM3Q994;
				ENABLE_PREVIEWS = YES;
				GENERATE_INFOPLIST_FILE = YES;
				INFOPLIST_KEY_UIApplicationSceneManifest_Generation = YES;
				INFOPLIST_KEY_UIApplicationSupportsIndirectInputEvents = YES;
				INFOPLIST_KEY_UILaunchScreen_Generation = YES;
				INFOPLIST_KEY_UISupportedInterfaceOrientations_iPad = "UIInterfaceOrientationPortrait UIInterfaceOrientationPortraitUpsideDown UIInterfaceOrientationLandscapeLeft UIInterfaceOrientationLandscapeRight";
				INFOPLIST_KEY_UISupportedInterfaceOrientations_iPhone = "UIInterfaceOrientationPortrait UIInterfaceOrientationLandscapeLeft UIInterfaceOrientationLandscapeRight";
				LD_RUNPATH_SEARCH_PATHS = (
					"$(inherited)",
					"@executable_path/Frameworks",
				);
				MARKETING_VERSION = 1.0;
				PRODUCT_BUNDLE_IDENTIFIER = kr.co.kmj.CSVReadTest;
				PRODUCT_NAME = "$(TARGET_NAME)";
				SWIFT_EMIT_LOC_STRINGS = YES;
				SWIFT_VERSION = 5.0;
				TARGETED_DEVICE_FAMILY = "1,2";
			};
			name = Release;
		};
/* End XCBuildConfiguration section */

/* Begin XCConfigurationList section */
		7BD6F57E2B5DF97D0032A136 /* Build configuration list for PBXProject "CSVReadTest" */ = {
			isa = XCConfigurationList;
			buildConfigurations = (
				7BD6F58F2B5DF97E0032A136 /* Debug */,
				7BD6F5902B5DF97E0032A136 /* Release */,
			);
			defaultConfigurationIsVisible = 0;
			defaultConfigurationName = Release;
		};
		7BD6F5912B5DF97E0032A136 /* Build configuration list for PBXNativeTarget "CSVReadTest" */ = {
			isa = XCConfigurationList;
			buildConfigurations = (
				7BD6F5922B5DF97E0032A136 /* Debug */,
				7BD6F5932B5DF97E0032A136 /* Release */,
			);
			defaultConfigurationIsVisible = 0;
			defaultConfigurationName = Release;
		};
/* End XCConfigurationList section */

/* Begin XCRemoteSwiftPackageReference section */
		7B0574672B60009100B48677 /* XCRemoteSwiftPackageReference "firebase-ios-sdk" */ = {
			isa = XCRemoteSwiftPackageReference;
			repositoryURL = "https://github.com/firebase/firebase-ios-sdk";
			requirement = {
				kind = upToNextMajorVersion;
				minimumVersion = 10.20.0;
			};
		};
/* End XCRemoteSwiftPackageReference section */

/* Begin XCSwiftPackageProductDependency section */
		7B0574682B60009100B48677 /* FirebaseAnalytics */ = {
			isa = XCSwiftPackageProductDependency;
			package = 7B0574672B60009100B48677 /* XCRemoteSwiftPackageReference "firebase-ios-sdk" */;
			productName = FirebaseAnalytics;
		};
		7B05746A2B60009100B48677 /* FirebaseAnalyticsOnDeviceConversion */ = {
			isa = XCSwiftPackageProductDependency;
			package = 7B0574672B60009100B48677 /* XCRemoteSwiftPackageReference "firebase-ios-sdk" */;
			productName = FirebaseAnalyticsOnDeviceConversion;
		};
		7B05746C2B60009100B48677 /* FirebaseAnalyticsSwift */ = {
			isa = XCSwiftPackageProductDependency;
			package = 7B0574672B60009100B48677 /* XCRemoteSwiftPackageReference "firebase-ios-sdk" */;
			productName = FirebaseAnalyticsSwift;
		};
		7B05746E2B60009100B48677 /* FirebaseAnalyticsWithoutAdIdSupport */ = {
			isa = XCSwiftPackageProductDependency;
			package = 7B0574672B60009100B48677 /* XCRemoteSwiftPackageReference "firebase-ios-sdk" */;
			productName = FirebaseAnalyticsWithoutAdIdSupport;
		};
		7B0574702B60009100B48677 /* FirebaseAppCheck */ = {
			isa = XCSwiftPackageProductDependency;
			package = 7B0574672B60009100B48677 /* XCRemoteSwiftPackageReference "firebase-ios-sdk" */;
			productName = FirebaseAppCheck;
		};
		7B0574722B60009100B48677 /* FirebaseAppDistribution-Beta */ = {
			isa = XCSwiftPackageProductDependency;
			package = 7B0574672B60009100B48677 /* XCRemoteSwiftPackageReference "firebase-ios-sdk" */;
			productName = "FirebaseAppDistribution-Beta";
		};
		7B0574742B60009100B48677 /* FirebaseAuth */ = {
			isa = XCSwiftPackageProductDependency;
			package = 7B0574672B60009100B48677 /* XCRemoteSwiftPackageReference "firebase-ios-sdk" */;
			productName = FirebaseAuth;
		};
		7B0574762B60009100B48677 /* FirebaseAuthCombine-Community */ = {
			isa = XCSwiftPackageProductDependency;
			package = 7B0574672B60009100B48677 /* XCRemoteSwiftPackageReference "firebase-ios-sdk" */;
			productName = "FirebaseAuthCombine-Community";
		};
		7B0574782B60009100B48677 /* FirebaseCrashlytics */ = {
			isa = XCSwiftPackageProductDependency;
			package = 7B0574672B60009100B48677 /* XCRemoteSwiftPackageReference "firebase-ios-sdk" */;
			productName = FirebaseCrashlytics;
		};
		7B05747A2B60009100B48677 /* FirebaseDatabase */ = {
			isa = XCSwiftPackageProductDependency;
			package = 7B0574672B60009100B48677 /* XCRemoteSwiftPackageReference "firebase-ios-sdk" */;
			productName = FirebaseDatabase;
		};
		7B05747C2B60009100B48677 /* FirebaseDatabaseSwift */ = {
			isa = XCSwiftPackageProductDependency;
			package = 7B0574672B60009100B48677 /* XCRemoteSwiftPackageReference "firebase-ios-sdk" */;
			productName = FirebaseDatabaseSwift;
		};
		7B05747E2B60009100B48677 /* FirebaseDynamicLinks */ = {
			isa = XCSwiftPackageProductDependency;
			package = 7B0574672B60009100B48677 /* XCRemoteSwiftPackageReference "firebase-ios-sdk" */;
			productName = FirebaseDynamicLinks;
		};
		7B0574802B600DFA00B48677 /* FirebaseAnalytics */ = {
			isa = XCSwiftPackageProductDependency;
			package = 7B0574672B60009100B48677 /* XCRemoteSwiftPackageReference "firebase-ios-sdk" */;
			productName = FirebaseAnalytics;
		};
		7B0574822B600DFA00B48677 /* FirebaseAnalyticsOnDeviceConversion */ = {
			isa = XCSwiftPackageProductDependency;
			package = 7B0574672B60009100B48677 /* XCRemoteSwiftPackageReference "firebase-ios-sdk" */;
			productName = FirebaseAnalyticsOnDeviceConversion;
		};
		7B0574842B600DFA00B48677 /* FirebaseAnalyticsSwift */ = {
			isa = XCSwiftPackageProductDependency;
			package = 7B0574672B60009100B48677 /* XCRemoteSwiftPackageReference "firebase-ios-sdk" */;
			productName = FirebaseAnalyticsSwift;
		};
		7B0574862B600DFA00B48677 /* FirebaseAnalyticsWithoutAdIdSupport */ = {
			isa = XCSwiftPackageProductDependency;
			package = 7B0574672B60009100B48677 /* XCRemoteSwiftPackageReference "firebase-ios-sdk" */;
			productName = FirebaseAnalyticsWithoutAdIdSupport;
		};
		7B0574882B600DFA00B48677 /* FirebaseAppCheck */ = {
			isa = XCSwiftPackageProductDependency;
			package = 7B0574672B60009100B48677 /* XCRemoteSwiftPackageReference "firebase-ios-sdk" */;
			productName = FirebaseAppCheck;
		};
		7B05748A2B600DFA00B48677 /* FirebaseAppDistribution-Beta */ = {
			isa = XCSwiftPackageProductDependency;
			package = 7B0574672B60009100B48677 /* XCRemoteSwiftPackageReference "firebase-ios-sdk" */;
			productName = "FirebaseAppDistribution-Beta";
		};
		7B05748C2B600DFA00B48677 /* FirebaseAuth */ = {
			isa = XCSwiftPackageProductDependency;
			package = 7B0574672B60009100B48677 /* XCRemoteSwiftPackageReference "firebase-ios-sdk" */;
			productName = FirebaseAuth;
		};
		7B05748E2B600DFA00B48677 /* FirebaseAuthCombine-Community */ = {
			isa = XCSwiftPackageProductDependency;
			package = 7B0574672B60009100B48677 /* XCRemoteSwiftPackageReference "firebase-ios-sdk" */;
			productName = "FirebaseAuthCombine-Community";
		};
		7B0574902B600DFA00B48677 /* FirebaseCrashlytics */ = {
			isa = XCSwiftPackageProductDependency;
			package = 7B0574672B60009100B48677 /* XCRemoteSwiftPackageReference "firebase-ios-sdk" */;
			productName = FirebaseCrashlytics;
		};
		7B0574922B600DFA00B48677 /* FirebaseDatabase */ = {
			isa = XCSwiftPackageProductDependency;
			package = 7B0574672B60009100B48677 /* XCRemoteSwiftPackageReference "firebase-ios-sdk" */;
			productName = FirebaseDatabase;
		};
		7B0574942B600DFA00B48677 /* FirebaseDatabaseSwift */ = {
			isa = XCSwiftPackageProductDependency;
			package = 7B0574672B60009100B48677 /* XCRemoteSwiftPackageReference "firebase-ios-sdk" */;
			productName = FirebaseDatabaseSwift;
		};
		7B0574962B600DFA00B48677 /* FirebaseDynamicLinks */ = {
			isa = XCSwiftPackageProductDependency;
			package = 7B0574672B60009100B48677 /* XCRemoteSwiftPackageReference "firebase-ios-sdk" */;
			productName = FirebaseDynamicLinks;
		};
		7B0574982B600DFA00B48677 /* FirebaseFirestore */ = {
			isa = XCSwiftPackageProductDependency;
			package = 7B0574672B60009100B48677 /* XCRemoteSwiftPackageReference "firebase-ios-sdk" */;
			productName = FirebaseFirestore;
		};
		7B05749A2B600DFA00B48677 /* FirebaseFirestoreCombine-Community */ = {
			isa = XCSwiftPackageProductDependency;
			package = 7B0574672B60009100B48677 /* XCRemoteSwiftPackageReference "firebase-ios-sdk" */;
			productName = "FirebaseFirestoreCombine-Community";
		};
		7B05749C2B600DFA00B48677 /* FirebaseFirestoreSwift */ = {
			isa = XCSwiftPackageProductDependency;
			package = 7B0574672B60009100B48677 /* XCRemoteSwiftPackageReference "firebase-ios-sdk" */;
			productName = FirebaseFirestoreSwift;
		};
		7B05749E2B600DFA00B48677 /* FirebaseFunctions */ = {
			isa = XCSwiftPackageProductDependency;
			package = 7B0574672B60009100B48677 /* XCRemoteSwiftPackageReference "firebase-ios-sdk" */;
			productName = FirebaseFunctions;
		};
		7B0574A02B600DFA00B48677 /* FirebaseFunctionsCombine-Community */ = {
			isa = XCSwiftPackageProductDependency;
			package = 7B0574672B60009100B48677 /* XCRemoteSwiftPackageReference "firebase-ios-sdk" */;
			productName = "FirebaseFunctionsCombine-Community";
		};
		7B0574A22B600DFA00B48677 /* FirebaseInAppMessaging-Beta */ = {
			isa = XCSwiftPackageProductDependency;
			package = 7B0574672B60009100B48677 /* XCRemoteSwiftPackageReference "firebase-ios-sdk" */;
			productName = "FirebaseInAppMessaging-Beta";
		};
		7B0574A42B600DFA00B48677 /* FirebaseInAppMessagingSwift-Beta */ = {
			isa = XCSwiftPackageProductDependency;
			package = 7B0574672B60009100B48677 /* XCRemoteSwiftPackageReference "firebase-ios-sdk" */;
			productName = "FirebaseInAppMessagingSwift-Beta";
		};
		7B0574A62B600DFA00B48677 /* FirebaseInstallations */ = {
			isa = XCSwiftPackageProductDependency;
			package = 7B0574672B60009100B48677 /* XCRemoteSwiftPackageReference "firebase-ios-sdk" */;
			productName = FirebaseInstallations;
		};
		7B0574A82B600DFA00B48677 /* FirebaseMLModelDownloader */ = {
			isa = XCSwiftPackageProductDependency;
			package = 7B0574672B60009100B48677 /* XCRemoteSwiftPackageReference "firebase-ios-sdk" */;
			productName = FirebaseMLModelDownloader;
		};
		7B0574AA2B600DFA00B48677 /* FirebaseMessaging */ = {
			isa = XCSwiftPackageProductDependency;
			package = 7B0574672B60009100B48677 /* XCRemoteSwiftPackageReference "firebase-ios-sdk" */;
			productName = FirebaseMessaging;
		};
		7B0574AC2B600DFA00B48677 /* FirebasePerformance */ = {
			isa = XCSwiftPackageProductDependency;
			package = 7B0574672B60009100B48677 /* XCRemoteSwiftPackageReference "firebase-ios-sdk" */;
			productName = FirebasePerformance;
		};
		7B0574AE2B600DFA00B48677 /* FirebaseRemoteConfig */ = {
			isa = XCSwiftPackageProductDependency;
			package = 7B0574672B60009100B48677 /* XCRemoteSwiftPackageReference "firebase-ios-sdk" */;
			productName = FirebaseRemoteConfig;
		};
		7B0574B02B600DFA00B48677 /* FirebaseRemoteConfigSwift */ = {
			isa = XCSwiftPackageProductDependency;
			package = 7B0574672B60009100B48677 /* XCRemoteSwiftPackageReference "firebase-ios-sdk" */;
			productName = FirebaseRemoteConfigSwift;
		};
		7B0574B22B600DFA00B48677 /* FirebaseStorage */ = {
			isa = XCSwiftPackageProductDependency;
			package = 7B0574672B60009100B48677 /* XCRemoteSwiftPackageReference "firebase-ios-sdk" */;
			productName = FirebaseStorage;
		};
		7B0574B42B600DFA00B48677 /* FirebaseStorageCombine-Community */ = {
			isa = XCSwiftPackageProductDependency;
			package = 7B0574672B60009100B48677 /* XCRemoteSwiftPackageReference "firebase-ios-sdk" */;
			productName = "FirebaseStorageCombine-Community";
		};
/* End XCSwiftPackageProductDependency section */
	};
	rootObject = 7BD6F57B2B5DF97D0032A136 /* Project object */;
}
